// !$*UTF8*$!
{
	archiveVersion = 1;
	classes = {
	};
	objectVersion = 55;
	objects = {

/* Begin PBXBuildFile section */
		0A0E1EBB270687AE00061EA6 /* Wallet Extension.appex in Embed App Extensions */ = {isa = PBXBuildFile; fileRef = 0A0E1EBA270687AE00061EA6 /* Wallet Extension.appex */; settings = {ATTRIBUTES = (RemoveHeadersOnCopy, ); }; };
		0A0E1EC5270687AE00061EA6 /* Wallet Extension.appex in Embed App Extensions */ = {isa = PBXBuildFile; fileRef = 0A0E1EC4270687AE00061EA6 /* Wallet Extension.appex */; settings = {ATTRIBUTES = (RemoveHeadersOnCopy, ); }; };
		0A0E1ECB270687AE00061EA6 /* Main.html in Resources */ = {isa = PBXBuildFile; fileRef = 0A0E1E86270687AA00061EA6 /* Main.html */; };
		0A0E1ECC270687AE00061EA6 /* Main.html in Resources */ = {isa = PBXBuildFile; fileRef = 0A0E1E86270687AA00061EA6 /* Main.html */; };
		0A0E1ECD270687AE00061EA6 /* Icon.png in Resources */ = {isa = PBXBuildFile; fileRef = 0A0E1E88270687AA00061EA6 /* Icon.png */; };
		0A0E1ECE270687AE00061EA6 /* Icon.png in Resources */ = {isa = PBXBuildFile; fileRef = 0A0E1E88270687AA00061EA6 /* Icon.png */; };
		0A0E1ECF270687AE00061EA6 /* Style.css in Resources */ = {isa = PBXBuildFile; fileRef = 0A0E1E89270687AA00061EA6 /* Style.css */; };
		0A0E1ED0270687AE00061EA6 /* Style.css in Resources */ = {isa = PBXBuildFile; fileRef = 0A0E1E89270687AA00061EA6 /* Style.css */; };
		0A0E1ED1270687AE00061EA6 /* Script.js in Resources */ = {isa = PBXBuildFile; fileRef = 0A0E1E8A270687AA00061EA6 /* Script.js */; };
		0A0E1ED2270687AE00061EA6 /* Script.js in Resources */ = {isa = PBXBuildFile; fileRef = 0A0E1E8A270687AA00061EA6 /* Script.js */; };
		0A0E1ED5270687AE00061EA6 /* Assets.xcassets in Resources */ = {isa = PBXBuildFile; fileRef = 0A0E1E8C270687AE00061EA6 /* Assets.xcassets */; };
		0A0E1ED6270687AE00061EA6 /* Assets.xcassets in Resources */ = {isa = PBXBuildFile; fileRef = 0A0E1E8C270687AE00061EA6 /* Assets.xcassets */; };
		0A0E1ED7270687AE00061EA6 /* SafariWebExtensionHandler.swift in Sources */ = {isa = PBXBuildFile; fileRef = 0A0E1E8E270687AE00061EA6 /* SafariWebExtensionHandler.swift */; };
		0A0E1ED8270687AE00061EA6 /* SafariWebExtensionHandler.swift in Sources */ = {isa = PBXBuildFile; fileRef = 0A0E1E8E270687AE00061EA6 /* SafariWebExtensionHandler.swift */; };
		0A0E1ED9270687AE00061EA6 /* _locales in Resources */ = {isa = PBXBuildFile; fileRef = 0A0E1E90270687AE00061EA6 /* _locales */; };
		0A0E1EDA270687AE00061EA6 /* _locales in Resources */ = {isa = PBXBuildFile; fileRef = 0A0E1E90270687AE00061EA6 /* _locales */; };
		0A0E1EDB270687AE00061EA6 /* images in Resources */ = {isa = PBXBuildFile; fileRef = 0A0E1E91270687AE00061EA6 /* images */; };
		0A0E1EDC270687AE00061EA6 /* images in Resources */ = {isa = PBXBuildFile; fileRef = 0A0E1E91270687AE00061EA6 /* images */; };
		0A0E1EDD270687AE00061EA6 /* manifest.json in Resources */ = {isa = PBXBuildFile; fileRef = 0A0E1E92270687AE00061EA6 /* manifest.json */; };
		0A0E1EDE270687AE00061EA6 /* manifest.json in Resources */ = {isa = PBXBuildFile; fileRef = 0A0E1E92270687AE00061EA6 /* manifest.json */; };
		0A0E1EDF270687AE00061EA6 /* background.js in Resources */ = {isa = PBXBuildFile; fileRef = 0A0E1E93270687AE00061EA6 /* background.js */; };
		0A0E1EE0270687AE00061EA6 /* background.js in Resources */ = {isa = PBXBuildFile; fileRef = 0A0E1E93270687AE00061EA6 /* background.js */; };
		0A0E1EE1270687AE00061EA6 /* content.js in Resources */ = {isa = PBXBuildFile; fileRef = 0A0E1E94270687AE00061EA6 /* content.js */; };
		0A0E1EE2270687AE00061EA6 /* content.js in Resources */ = {isa = PBXBuildFile; fileRef = 0A0E1E94270687AE00061EA6 /* content.js */; };
		0A0E1EE3270687AE00061EA6 /* popup.html in Resources */ = {isa = PBXBuildFile; fileRef = 0A0E1E95270687AE00061EA6 /* popup.html */; };
		0A0E1EE4270687AE00061EA6 /* popup.html in Resources */ = {isa = PBXBuildFile; fileRef = 0A0E1E95270687AE00061EA6 /* popup.html */; };
		0A0E1EE5270687AE00061EA6 /* popup.css in Resources */ = {isa = PBXBuildFile; fileRef = 0A0E1E96270687AE00061EA6 /* popup.css */; };
		0A0E1EE6270687AE00061EA6 /* popup.css in Resources */ = {isa = PBXBuildFile; fileRef = 0A0E1E96270687AE00061EA6 /* popup.css */; };
		0A0E1EE7270687AE00061EA6 /* popup.js in Resources */ = {isa = PBXBuildFile; fileRef = 0A0E1E97270687AE00061EA6 /* popup.js */; };
		0A0E1EE8270687AE00061EA6 /* popup.js in Resources */ = {isa = PBXBuildFile; fileRef = 0A0E1E97270687AE00061EA6 /* popup.js */; };
		275C299427117F7D00DA2773 /* injections in Resources */ = {isa = PBXBuildFile; fileRef = 275C299327117F7D00DA2773 /* injections */; };
		275C299527117F7D00DA2773 /* injections in Resources */ = {isa = PBXBuildFile; fileRef = 275C299327117F7D00DA2773 /* injections */; };
		4A19E6DD271DC8450096027F /* JsonRpcClient.swift in Sources */ = {isa = PBXBuildFile; fileRef = 4A19E6DC271DC8450096027F /* JsonRpcClient.swift */; };
		4A19E6DE271DC8500096027F /* JsonRpcClient.swift in Sources */ = {isa = PBXBuildFile; fileRef = 4A19E6DC271DC8450096027F /* JsonRpcClient.swift */; };
		4A19E6E0271E673C0096027F /* JsonRpcClientTest.swift in Sources */ = {isa = PBXBuildFile; fileRef = 4A19E6DF271E673C0096027F /* JsonRpcClientTest.swift */; };
		F8321B5927169A1D00F12938 /* OnboardingView.swift in Sources */ = {isa = PBXBuildFile; fileRef = F8321B5827169A1D00F12938 /* OnboardingView.swift */; };
		F8321B5A27176EBE00F12938 /* OnboardingView.swift in Sources */ = {isa = PBXBuildFile; fileRef = F8321B5827169A1D00F12938 /* OnboardingView.swift */; };
		F8321B5C27176ED600F12938 /* ShowMnemonicView.swift in Sources */ = {isa = PBXBuildFile; fileRef = F8321B5B27176ED600F12938 /* ShowMnemonicView.swift */; };
		F8321B5D27176ED600F12938 /* ShowMnemonicView.swift in Sources */ = {isa = PBXBuildFile; fileRef = F8321B5B27176ED600F12938 /* ShowMnemonicView.swift */; };
		F8321B5F27176EE700F12938 /* ConfirmMnemonicView.swift in Sources */ = {isa = PBXBuildFile; fileRef = F8321B5E27176EE700F12938 /* ConfirmMnemonicView.swift */; };
		F8321B6027176EE700F12938 /* ConfirmMnemonicView.swift in Sources */ = {isa = PBXBuildFile; fileRef = F8321B5E27176EE700F12938 /* ConfirmMnemonicView.swift */; };
		F8321B622717768400F12938 /* SummaryView.swift in Sources */ = {isa = PBXBuildFile; fileRef = F8321B612717768400F12938 /* SummaryView.swift */; };
		F8321B632717768400F12938 /* SummaryView.swift in Sources */ = {isa = PBXBuildFile; fileRef = F8321B612717768400F12938 /* SummaryView.swift */; };
		F8812B482717E18600D1B231 /* RecoveryPhrase.swift in Sources */ = {isa = PBXBuildFile; fileRef = F8812B472717E18600D1B231 /* RecoveryPhrase.swift */; };
		F8812B4A2717E2F700D1B231 /* RecoveryPhrase.swift in Sources */ = {isa = PBXBuildFile; fileRef = F8812B472717E18600D1B231 /* RecoveryPhrase.swift */; };
		F8812B4C2718B91600D1B231 /* Intro1View.swift in Sources */ = {isa = PBXBuildFile; fileRef = F8812B4B2718B91600D1B231 /* Intro1View.swift */; };
		F8812B4D2718B91600D1B231 /* Intro1View.swift in Sources */ = {isa = PBXBuildFile; fileRef = F8812B4B2718B91600D1B231 /* Intro1View.swift */; };
		F8812B4F2718B91E00D1B231 /* Intro2View.swift in Sources */ = {isa = PBXBuildFile; fileRef = F8812B4E2718B91E00D1B231 /* Intro2View.swift */; };
		F8812B502718B91E00D1B231 /* Intro2View.swift in Sources */ = {isa = PBXBuildFile; fileRef = F8812B4E2718B91E00D1B231 /* Intro2View.swift */; };
		F8812B522718B92500D1B231 /* Intro3View.swift in Sources */ = {isa = PBXBuildFile; fileRef = F8812B512718B92500D1B231 /* Intro3View.swift */; };
		F8812B532718B92500D1B231 /* Intro3View.swift in Sources */ = {isa = PBXBuildFile; fileRef = F8812B512718B92500D1B231 /* Intro3View.swift */; };
		F8812B582719239700D1B231 /* TransactionsView.swift in Sources */ = {isa = PBXBuildFile; fileRef = F8812B572719239700D1B231 /* TransactionsView.swift */; };
		F8812B592719239700D1B231 /* TransactionsView.swift in Sources */ = {isa = PBXBuildFile; fileRef = F8812B572719239700D1B231 /* TransactionsView.swift */; };
		F8812B5B271923A300D1B231 /* ShortcutView.swift in Sources */ = {isa = PBXBuildFile; fileRef = F8812B5A271923A300D1B231 /* ShortcutView.swift */; };
		F8812B5C271923A300D1B231 /* ShortcutView.swift in Sources */ = {isa = PBXBuildFile; fileRef = F8812B5A271923A300D1B231 /* ShortcutView.swift */; };
		F8812B5E27192AA600D1B231 /* ShortcutItem.swift in Sources */ = {isa = PBXBuildFile; fileRef = F8812B5D27192AA600D1B231 /* ShortcutItem.swift */; };
		F8812B5F27192AA600D1B231 /* ShortcutItem.swift in Sources */ = {isa = PBXBuildFile; fileRef = F8812B5D27192AA600D1B231 /* ShortcutItem.swift */; };
		F8812B6227193E8B00D1B231 /* DeveloperView.swift in Sources */ = {isa = PBXBuildFile; fileRef = F8812B6127193E8B00D1B231 /* DeveloperView.swift */; };
		F8812B6327193E8B00D1B231 /* DeveloperView.swift in Sources */ = {isa = PBXBuildFile; fileRef = F8812B6127193E8B00D1B231 /* DeveloperView.swift */; };
		F8ABEEC927124A8C007F7D11 /* Constants.swift in Sources */ = {isa = PBXBuildFile; fileRef = F8ABEEC327124A8C007F7D11 /* Constants.swift */; };
		F8ABEECA27124A8C007F7D11 /* Constants.swift in Sources */ = {isa = PBXBuildFile; fileRef = F8ABEEC327124A8C007F7D11 /* Constants.swift */; };
		F8ABEECB27124A8C007F7D11 /* Constants.swift in Sources */ = {isa = PBXBuildFile; fileRef = F8ABEEC327124A8C007F7D11 /* Constants.swift */; };
		F8ABEECC27124A8C007F7D11 /* Constants.swift in Sources */ = {isa = PBXBuildFile; fileRef = F8ABEEC327124A8C007F7D11 /* Constants.swift */; };
		F8ABEECD27124A8C007F7D11 /* BiometricsAuthentication.swift in Sources */ = {isa = PBXBuildFile; fileRef = F8ABEEC427124A8C007F7D11 /* BiometricsAuthentication.swift */; };
		F8ABEECE27124A8C007F7D11 /* BiometricsAuthentication.swift in Sources */ = {isa = PBXBuildFile; fileRef = F8ABEEC427124A8C007F7D11 /* BiometricsAuthentication.swift */; };
		F8ABEED127124A8C007F7D11 /* FileObserver.swift in Sources */ = {isa = PBXBuildFile; fileRef = F8ABEEC527124A8C007F7D11 /* FileObserver.swift */; };
		F8ABEED227124A8C007F7D11 /* FileObserver.swift in Sources */ = {isa = PBXBuildFile; fileRef = F8ABEEC527124A8C007F7D11 /* FileObserver.swift */; };
		F8ABEED327124A8C007F7D11 /* FileObserver.swift in Sources */ = {isa = PBXBuildFile; fileRef = F8ABEEC527124A8C007F7D11 /* FileObserver.swift */; };
		F8ABEED427124A8C007F7D11 /* FileObserver.swift in Sources */ = {isa = PBXBuildFile; fileRef = F8ABEEC527124A8C007F7D11 /* FileObserver.swift */; };
		F8ABEED527124A8C007F7D11 /* SharedDocument.swift in Sources */ = {isa = PBXBuildFile; fileRef = F8ABEEC627124A8C007F7D11 /* SharedDocument.swift */; };
		F8ABEED627124A8C007F7D11 /* SharedDocument.swift in Sources */ = {isa = PBXBuildFile; fileRef = F8ABEEC627124A8C007F7D11 /* SharedDocument.swift */; };
		F8ABEED727124A8C007F7D11 /* SharedDocument.swift in Sources */ = {isa = PBXBuildFile; fileRef = F8ABEEC627124A8C007F7D11 /* SharedDocument.swift */; };
		F8ABEED827124A8C007F7D11 /* SharedDocument.swift in Sources */ = {isa = PBXBuildFile; fileRef = F8ABEEC627124A8C007F7D11 /* SharedDocument.swift */; };
		F8ABEED927124A8C007F7D11 /* WalletError.swift in Sources */ = {isa = PBXBuildFile; fileRef = F8ABEEC727124A8C007F7D11 /* WalletError.swift */; };
		F8ABEEDA27124A8C007F7D11 /* WalletError.swift in Sources */ = {isa = PBXBuildFile; fileRef = F8ABEEC727124A8C007F7D11 /* WalletError.swift */; };
		F8ABEEDB27124A8C007F7D11 /* WalletError.swift in Sources */ = {isa = PBXBuildFile; fileRef = F8ABEEC727124A8C007F7D11 /* WalletError.swift */; };
		F8ABEEDC27124A8C007F7D11 /* WalletError.swift in Sources */ = {isa = PBXBuildFile; fileRef = F8ABEEC727124A8C007F7D11 /* WalletError.swift */; };
		F8ABEEDD27124A8C007F7D11 /* KeychainPasswordItem.swift in Sources */ = {isa = PBXBuildFile; fileRef = F8ABEEC827124A8C007F7D11 /* KeychainPasswordItem.swift */; };
		F8ABEEDE27124A8C007F7D11 /* KeychainPasswordItem.swift in Sources */ = {isa = PBXBuildFile; fileRef = F8ABEEC827124A8C007F7D11 /* KeychainPasswordItem.swift */; };
		F8ABEEDF27124A8C007F7D11 /* KeychainPasswordItem.swift in Sources */ = {isa = PBXBuildFile; fileRef = F8ABEEC827124A8C007F7D11 /* KeychainPasswordItem.swift */; };
		F8ABEEE027124A8C007F7D11 /* KeychainPasswordItem.swift in Sources */ = {isa = PBXBuildFile; fileRef = F8ABEEC827124A8C007F7D11 /* KeychainPasswordItem.swift */; };
		F8ABEEE727125002007F7D11 /* HDWalletKit in Frameworks */ = {isa = PBXBuildFile; productRef = F8ABEEE627125002007F7D11 /* HDWalletKit */; };
		F8ABEEEA27125105007F7D11 /* HDWalletKit in Frameworks */ = {isa = PBXBuildFile; productRef = F8ABEEE927125105007F7D11 /* HDWalletKit */; };
		F8ABEEEC2712510B007F7D11 /* HDWalletKit in Frameworks */ = {isa = PBXBuildFile; productRef = F8ABEEEB2712510B007F7D11 /* HDWalletKit */; };
		F8ABEEEE2712510F007F7D11 /* HDWalletKit in Frameworks */ = {isa = PBXBuildFile; productRef = F8ABEEED2712510F007F7D11 /* HDWalletKit */; };
		F8ABEF3227125EFA007F7D11 /* WalletApp.swift in Sources */ = {isa = PBXBuildFile; fileRef = F8ABEF3127125EFA007F7D11 /* WalletApp.swift */; };
		F8ABEF3327125EFA007F7D11 /* WalletApp.swift in Sources */ = {isa = PBXBuildFile; fileRef = F8ABEF3127125EFA007F7D11 /* WalletApp.swift */; };
		F8ABEF3527125F16007F7D11 /* ContentView.swift in Sources */ = {isa = PBXBuildFile; fileRef = F8ABEF3427125F16007F7D11 /* ContentView.swift */; };
		F8ABEF3627125F16007F7D11 /* ContentView.swift in Sources */ = {isa = PBXBuildFile; fileRef = F8ABEF3427125F16007F7D11 /* ContentView.swift */; };
		F8ABEF3827129797007F7D11 /* WalletManager.swift in Sources */ = {isa = PBXBuildFile; fileRef = F8ABEF3727129797007F7D11 /* WalletManager.swift */; };
		F8ABEF3927129797007F7D11 /* WalletManager.swift in Sources */ = {isa = PBXBuildFile; fileRef = F8ABEF3727129797007F7D11 /* WalletManager.swift */; };
		F8ABEF3B271297B3007F7D11 /* WalletManager.swift in Sources */ = {isa = PBXBuildFile; fileRef = F8ABEF3727129797007F7D11 /* WalletManager.swift */; };
		F8ABEF3C271297B3007F7D11 /* WalletManager.swift in Sources */ = {isa = PBXBuildFile; fileRef = F8ABEF3727129797007F7D11 /* WalletManager.swift */; };
		F8ABEF3E27129DEB007F7D11 /* AppDelegate.swift in Sources */ = {isa = PBXBuildFile; fileRef = F8ABEF3D27129DEB007F7D11 /* AppDelegate.swift */; };
		F8ABEF3F27129DEB007F7D11 /* AppDelegate.swift in Sources */ = {isa = PBXBuildFile; fileRef = F8ABEF3D27129DEB007F7D11 /* AppDelegate.swift */; };
		F8ABEF42271389D9007F7D11 /* URL.swift in Sources */ = {isa = PBXBuildFile; fileRef = F8ABEF41271389D9007F7D11 /* URL.swift */; };
		F8ABEF43271389D9007F7D11 /* URL.swift in Sources */ = {isa = PBXBuildFile; fileRef = F8ABEF41271389D9007F7D11 /* URL.swift */; };
		F8ABEF44271389D9007F7D11 /* URL.swift in Sources */ = {isa = PBXBuildFile; fileRef = F8ABEF41271389D9007F7D11 /* URL.swift */; };
		F8ABEF45271389D9007F7D11 /* URL.swift in Sources */ = {isa = PBXBuildFile; fileRef = F8ABEF41271389D9007F7D11 /* URL.swift */; };
		F8ABEF47271389F5007F7D11 /* NSFileCoordinator.swift in Sources */ = {isa = PBXBuildFile; fileRef = F8ABEF46271389F5007F7D11 /* NSFileCoordinator.swift */; };
		F8ABEF48271389F5007F7D11 /* NSFileCoordinator.swift in Sources */ = {isa = PBXBuildFile; fileRef = F8ABEF46271389F5007F7D11 /* NSFileCoordinator.swift */; };
		F8ABEF49271389F5007F7D11 /* NSFileCoordinator.swift in Sources */ = {isa = PBXBuildFile; fileRef = F8ABEF46271389F5007F7D11 /* NSFileCoordinator.swift */; };
		F8ABEF4A271389F5007F7D11 /* NSFileCoordinator.swift in Sources */ = {isa = PBXBuildFile; fileRef = F8ABEF46271389F5007F7D11 /* NSFileCoordinator.swift */; };
		F8ABEF4C27138E1D007F7D11 /* String.swift in Sources */ = {isa = PBXBuildFile; fileRef = F8ABEF4B27138E1D007F7D11 /* String.swift */; };
		F8ABEF4D27138E1D007F7D11 /* String.swift in Sources */ = {isa = PBXBuildFile; fileRef = F8ABEF4B27138E1D007F7D11 /* String.swift */; };
		F8ABEF4E27138E1D007F7D11 /* String.swift in Sources */ = {isa = PBXBuildFile; fileRef = F8ABEF4B27138E1D007F7D11 /* String.swift */; };
		F8ABEF4F27138E1D007F7D11 /* String.swift in Sources */ = {isa = PBXBuildFile; fileRef = F8ABEF4B27138E1D007F7D11 /* String.swift */; };
		F8ABEFD427141581007F7D11 /* KeychainTests.swift in Sources */ = {isa = PBXBuildFile; fileRef = F8ABEFD327141581007F7D11 /* KeychainTests.swift */; };
		F8ABEFDB2714198C007F7D11 /* WalletTests.swift in Sources */ = {isa = PBXBuildFile; fileRef = F8ABEFDA2714198C007F7D11 /* WalletTests.swift */; };
		F8AD21E6271796CC0059D754 /* RestoreOrCreateWalletView.swift in Sources */ = {isa = PBXBuildFile; fileRef = F8AD21E5271796CC0059D754 /* RestoreOrCreateWalletView.swift */; };
		F8AD21E7271796CC0059D754 /* RestoreOrCreateWalletView.swift in Sources */ = {isa = PBXBuildFile; fileRef = F8AD21E5271796CC0059D754 /* RestoreOrCreateWalletView.swift */; };
		F8AD21E92717B3420059D754 /* CreatePasswordView.swift in Sources */ = {isa = PBXBuildFile; fileRef = F8AD21E82717B3420059D754 /* CreatePasswordView.swift */; };
		F8AD21EA2717B3420059D754 /* CreatePasswordView.swift in Sources */ = {isa = PBXBuildFile; fileRef = F8AD21E82717B3420059D754 /* CreatePasswordView.swift */; };
		F8AD21EF2717B4B40059D754 /* RestoreWalletView.swift in Sources */ = {isa = PBXBuildFile; fileRef = F8AD21EE2717B4B40059D754 /* RestoreWalletView.swift */; };
		F8AD21F02717B4B40059D754 /* RestoreWalletView.swift in Sources */ = {isa = PBXBuildFile; fileRef = F8AD21EE2717B4B40059D754 /* RestoreWalletView.swift */; };
/* End PBXBuildFile section */

/* Begin PBXContainerItemProxy section */
		0A0E1EBC270687AE00061EA6 /* PBXContainerItemProxy */ = {
			isa = PBXContainerItemProxy;
			containerPortal = 0A0E1E80270687AA00061EA6 /* Project object */;
			proxyType = 1;
			remoteGlobalIDString = 0A0E1EB9270687AE00061EA6;
			remoteInfo = "Wallet Extension (iOS)";
		};
		0A0E1EC6270687AE00061EA6 /* PBXContainerItemProxy */ = {
			isa = PBXContainerItemProxy;
			containerPortal = 0A0E1E80270687AA00061EA6 /* Project object */;
			proxyType = 1;
			remoteGlobalIDString = 0A0E1EC3270687AE00061EA6;
			remoteInfo = "Wallet Extension (macOS)";
		};
		F8ABEFD527141581007F7D11 /* PBXContainerItemProxy */ = {
			isa = PBXContainerItemProxy;
			containerPortal = 0A0E1E80270687AA00061EA6 /* Project object */;
			proxyType = 1;
			remoteGlobalIDString = 0A0E1E9B270687AE00061EA6;
			remoteInfo = "Wallet (iOS)";
		};
/* End PBXContainerItemProxy section */

/* Begin PBXCopyFilesBuildPhase section */
		0A0E1EEE270687AF00061EA6 /* Embed App Extensions */ = {
			isa = PBXCopyFilesBuildPhase;
			buildActionMask = 2147483647;
			dstPath = "";
			dstSubfolderSpec = 13;
			files = (
				0A0E1EBB270687AE00061EA6 /* Wallet Extension.appex in Embed App Extensions */,
			);
			name = "Embed App Extensions";
			runOnlyForDeploymentPostprocessing = 0;
		};
		0A0E1EF5270687AF00061EA6 /* Embed App Extensions */ = {
			isa = PBXCopyFilesBuildPhase;
			buildActionMask = 2147483647;
			dstPath = "";
			dstSubfolderSpec = 13;
			files = (
				0A0E1EC5270687AE00061EA6 /* Wallet Extension.appex in Embed App Extensions */,
			);
			name = "Embed App Extensions";
			runOnlyForDeploymentPostprocessing = 0;
		};
/* End PBXCopyFilesBuildPhase section */

/* Begin PBXFileReference section */
		0A0E1E87270687AA00061EA6 /* Base */ = {isa = PBXFileReference; lastKnownFileType = text.html; name = Base; path = ../Base.lproj/Main.html; sourceTree = "<group>"; };
		0A0E1E88270687AA00061EA6 /* Icon.png */ = {isa = PBXFileReference; lastKnownFileType = image.png; path = Icon.png; sourceTree = "<group>"; };
		0A0E1E89270687AA00061EA6 /* Style.css */ = {isa = PBXFileReference; lastKnownFileType = text.css; path = Style.css; sourceTree = "<group>"; };
		0A0E1E8A270687AA00061EA6 /* Script.js */ = {isa = PBXFileReference; lastKnownFileType = sourcecode.javascript; path = Script.js; sourceTree = "<group>"; };
		0A0E1E8C270687AE00061EA6 /* Assets.xcassets */ = {isa = PBXFileReference; lastKnownFileType = folder.assetcatalog; path = Assets.xcassets; sourceTree = "<group>"; };
		0A0E1E8E270687AE00061EA6 /* SafariWebExtensionHandler.swift */ = {isa = PBXFileReference; lastKnownFileType = sourcecode.swift; path = SafariWebExtensionHandler.swift; sourceTree = "<group>"; };
		0A0E1E90270687AE00061EA6 /* _locales */ = {isa = PBXFileReference; lastKnownFileType = folder; path = _locales; sourceTree = "<group>"; };
		0A0E1E91270687AE00061EA6 /* images */ = {isa = PBXFileReference; lastKnownFileType = folder; path = images; sourceTree = "<group>"; };
		0A0E1E92270687AE00061EA6 /* manifest.json */ = {isa = PBXFileReference; lastKnownFileType = text.json; path = manifest.json; sourceTree = "<group>"; };
		0A0E1E93270687AE00061EA6 /* background.js */ = {isa = PBXFileReference; lastKnownFileType = sourcecode.javascript; path = background.js; sourceTree = "<group>"; };
		0A0E1E94270687AE00061EA6 /* content.js */ = {isa = PBXFileReference; lastKnownFileType = sourcecode.javascript; path = content.js; sourceTree = "<group>"; };
		0A0E1E95270687AE00061EA6 /* popup.html */ = {isa = PBXFileReference; lastKnownFileType = text.html; path = popup.html; sourceTree = "<group>"; };
		0A0E1E96270687AE00061EA6 /* popup.css */ = {isa = PBXFileReference; lastKnownFileType = text.css; path = popup.css; sourceTree = "<group>"; };
		0A0E1E97270687AE00061EA6 /* popup.js */ = {isa = PBXFileReference; lastKnownFileType = sourcecode.javascript; path = popup.js; sourceTree = "<group>"; };
		0A0E1E9C270687AE00061EA6 /* Wallet.app */ = {isa = PBXFileReference; explicitFileType = wrapper.application; includeInIndex = 0; path = Wallet.app; sourceTree = BUILT_PRODUCTS_DIR; };
		0A0E1EA9270687AE00061EA6 /* Info.plist */ = {isa = PBXFileReference; lastKnownFileType = text.plist.xml; path = Info.plist; sourceTree = "<group>"; };
		0A0E1EAE270687AE00061EA6 /* Wallet.app */ = {isa = PBXFileReference; explicitFileType = wrapper.application; includeInIndex = 0; path = Wallet.app; sourceTree = BUILT_PRODUCTS_DIR; };
		0A0E1EB0270687AE00061EA6 /* AppDelegate.swift */ = {isa = PBXFileReference; lastKnownFileType = sourcecode.swift; path = AppDelegate.swift; sourceTree = "<group>"; };
		0A0E1EB3270687AE00061EA6 /* Base */ = {isa = PBXFileReference; lastKnownFileType = file.storyboard; name = Base; path = Base.lproj/Main.storyboard; sourceTree = "<group>"; };
		0A0E1EB5270687AE00061EA6 /* Wallet.entitlements */ = {isa = PBXFileReference; lastKnownFileType = text.plist.entitlements; path = Wallet.entitlements; sourceTree = "<group>"; };
		0A0E1EBA270687AE00061EA6 /* Wallet Extension.appex */ = {isa = PBXFileReference; explicitFileType = "wrapper.app-extension"; includeInIndex = 0; path = "Wallet Extension.appex"; sourceTree = BUILT_PRODUCTS_DIR; };
		0A0E1EBF270687AE00061EA6 /* Info.plist */ = {isa = PBXFileReference; lastKnownFileType = text.plist.xml; path = Info.plist; sourceTree = "<group>"; };
		0A0E1EC4270687AE00061EA6 /* Wallet Extension.appex */ = {isa = PBXFileReference; explicitFileType = "wrapper.app-extension"; includeInIndex = 0; path = "Wallet Extension.appex"; sourceTree = BUILT_PRODUCTS_DIR; };
		0A0E1EC9270687AE00061EA6 /* Info.plist */ = {isa = PBXFileReference; lastKnownFileType = text.plist.xml; path = Info.plist; sourceTree = "<group>"; };
		0A0E1ECA270687AE00061EA6 /* Wallet.entitlements */ = {isa = PBXFileReference; lastKnownFileType = text.plist.entitlements; path = Wallet.entitlements; sourceTree = "<group>"; };
		0AE54717270694EB00C4A81F /* README.md */ = {isa = PBXFileReference; lastKnownFileType = net.daringfireball.markdown; path = README.md; sourceTree = "<group>"; };
		0AE5471D27091C5800C4A81F /* README.md */ = {isa = PBXFileReference; lastKnownFileType = net.daringfireball.markdown; path = README.md; sourceTree = "<group>"; };
		275C299327117F7D00DA2773 /* injections */ = {isa = PBXFileReference; lastKnownFileType = folder; path = injections; sourceTree = "<group>"; };
		4A19E6DC271DC8450096027F /* JsonRpcClient.swift */ = {isa = PBXFileReference; lastKnownFileType = sourcecode.swift; path = JsonRpcClient.swift; sourceTree = "<group>"; };
		4A19E6DF271E673C0096027F /* JsonRpcClientTest.swift */ = {isa = PBXFileReference; lastKnownFileType = sourcecode.swift; path = JsonRpcClientTest.swift; sourceTree = "<group>"; };
		F8321B5827169A1D00F12938 /* OnboardingView.swift */ = {isa = PBXFileReference; lastKnownFileType = sourcecode.swift; path = OnboardingView.swift; sourceTree = "<group>"; };
		F8321B5B27176ED600F12938 /* ShowMnemonicView.swift */ = {isa = PBXFileReference; lastKnownFileType = sourcecode.swift; path = ShowMnemonicView.swift; sourceTree = "<group>"; };
		F8321B5E27176EE700F12938 /* ConfirmMnemonicView.swift */ = {isa = PBXFileReference; lastKnownFileType = sourcecode.swift; path = ConfirmMnemonicView.swift; sourceTree = "<group>"; };
		F8321B612717768400F12938 /* SummaryView.swift */ = {isa = PBXFileReference; lastKnownFileType = sourcecode.swift; path = SummaryView.swift; sourceTree = "<group>"; };
		F8812B472717E18600D1B231 /* RecoveryPhrase.swift */ = {isa = PBXFileReference; lastKnownFileType = sourcecode.swift; path = RecoveryPhrase.swift; sourceTree = "<group>"; };
		F8812B4B2718B91600D1B231 /* Intro1View.swift */ = {isa = PBXFileReference; lastKnownFileType = sourcecode.swift; path = Intro1View.swift; sourceTree = "<group>"; };
		F8812B4E2718B91E00D1B231 /* Intro2View.swift */ = {isa = PBXFileReference; lastKnownFileType = sourcecode.swift; path = Intro2View.swift; sourceTree = "<group>"; };
		F8812B512718B92500D1B231 /* Intro3View.swift */ = {isa = PBXFileReference; lastKnownFileType = sourcecode.swift; path = Intro3View.swift; sourceTree = "<group>"; };
		F8812B572719239700D1B231 /* TransactionsView.swift */ = {isa = PBXFileReference; lastKnownFileType = sourcecode.swift; path = TransactionsView.swift; sourceTree = "<group>"; };
		F8812B5A271923A300D1B231 /* ShortcutView.swift */ = {isa = PBXFileReference; lastKnownFileType = sourcecode.swift; path = ShortcutView.swift; sourceTree = "<group>"; };
		F8812B5D27192AA600D1B231 /* ShortcutItem.swift */ = {isa = PBXFileReference; lastKnownFileType = sourcecode.swift; path = ShortcutItem.swift; sourceTree = "<group>"; };
		F8812B6127193E8B00D1B231 /* DeveloperView.swift */ = {isa = PBXFileReference; lastKnownFileType = sourcecode.swift; path = DeveloperView.swift; sourceTree = "<group>"; };
		F8ABEEC327124A8C007F7D11 /* Constants.swift */ = {isa = PBXFileReference; fileEncoding = 4; lastKnownFileType = sourcecode.swift; path = Constants.swift; sourceTree = "<group>"; };
		F8ABEEC427124A8C007F7D11 /* BiometricsAuthentication.swift */ = {isa = PBXFileReference; fileEncoding = 4; lastKnownFileType = sourcecode.swift; path = BiometricsAuthentication.swift; sourceTree = "<group>"; };
		F8ABEEC527124A8C007F7D11 /* FileObserver.swift */ = {isa = PBXFileReference; fileEncoding = 4; lastKnownFileType = sourcecode.swift; path = FileObserver.swift; sourceTree = "<group>"; };
		F8ABEEC627124A8C007F7D11 /* SharedDocument.swift */ = {isa = PBXFileReference; fileEncoding = 4; lastKnownFileType = sourcecode.swift; path = SharedDocument.swift; sourceTree = "<group>"; };
		F8ABEEC727124A8C007F7D11 /* WalletError.swift */ = {isa = PBXFileReference; fileEncoding = 4; lastKnownFileType = sourcecode.swift; path = WalletError.swift; sourceTree = "<group>"; };
		F8ABEEC827124A8C007F7D11 /* KeychainPasswordItem.swift */ = {isa = PBXFileReference; fileEncoding = 4; lastKnownFileType = sourcecode.swift; path = KeychainPasswordItem.swift; sourceTree = "<group>"; };
		F8ABEEE127124C30007F7D11 /* Wallet (iOS).entitlements */ = {isa = PBXFileReference; lastKnownFileType = text.plist.entitlements; path = "Wallet (iOS).entitlements"; sourceTree = "<group>"; };
		F8ABEEE227124C5D007F7D11 /* Wallet Extension (iOS).entitlements */ = {isa = PBXFileReference; lastKnownFileType = text.plist.entitlements; path = "Wallet Extension (iOS).entitlements"; sourceTree = "<group>"; };
		F8ABEF3127125EFA007F7D11 /* WalletApp.swift */ = {isa = PBXFileReference; lastKnownFileType = sourcecode.swift; path = WalletApp.swift; sourceTree = "<group>"; };
		F8ABEF3427125F16007F7D11 /* ContentView.swift */ = {isa = PBXFileReference; lastKnownFileType = sourcecode.swift; path = ContentView.swift; sourceTree = "<group>"; };
		F8ABEF3727129797007F7D11 /* WalletManager.swift */ = {isa = PBXFileReference; lastKnownFileType = sourcecode.swift; path = WalletManager.swift; sourceTree = "<group>"; };
		F8ABEF3D27129DEB007F7D11 /* AppDelegate.swift */ = {isa = PBXFileReference; lastKnownFileType = sourcecode.swift; path = AppDelegate.swift; sourceTree = "<group>"; };
		F8ABEF41271389D9007F7D11 /* URL.swift */ = {isa = PBXFileReference; lastKnownFileType = sourcecode.swift; path = URL.swift; sourceTree = "<group>"; };
		F8ABEF46271389F5007F7D11 /* NSFileCoordinator.swift */ = {isa = PBXFileReference; lastKnownFileType = sourcecode.swift; path = NSFileCoordinator.swift; sourceTree = "<group>"; };
		F8ABEF4B27138E1D007F7D11 /* String.swift */ = {isa = PBXFileReference; lastKnownFileType = sourcecode.swift; path = String.swift; sourceTree = "<group>"; };
		F8ABEFD127141581007F7D11 /* WalletTests.xctest */ = {isa = PBXFileReference; explicitFileType = wrapper.cfbundle; includeInIndex = 0; path = WalletTests.xctest; sourceTree = BUILT_PRODUCTS_DIR; };
		F8ABEFD327141581007F7D11 /* KeychainTests.swift */ = {isa = PBXFileReference; lastKnownFileType = sourcecode.swift; path = KeychainTests.swift; sourceTree = "<group>"; };
		F8ABEFDA2714198C007F7D11 /* WalletTests.swift */ = {isa = PBXFileReference; lastKnownFileType = sourcecode.swift; path = WalletTests.swift; sourceTree = "<group>"; };
		F8AD21E5271796CC0059D754 /* RestoreOrCreateWalletView.swift */ = {isa = PBXFileReference; lastKnownFileType = sourcecode.swift; path = RestoreOrCreateWalletView.swift; sourceTree = "<group>"; };
		F8AD21E82717B3420059D754 /* CreatePasswordView.swift */ = {isa = PBXFileReference; lastKnownFileType = sourcecode.swift; path = CreatePasswordView.swift; sourceTree = "<group>"; };
		F8AD21EE2717B4B40059D754 /* RestoreWalletView.swift */ = {isa = PBXFileReference; lastKnownFileType = sourcecode.swift; path = RestoreWalletView.swift; sourceTree = "<group>"; };
/* End PBXFileReference section */

/* Begin PBXFrameworksBuildPhase section */
		0A0E1E99270687AE00061EA6 /* Frameworks */ = {
			isa = PBXFrameworksBuildPhase;
			buildActionMask = 2147483647;
			files = (
				F8ABEEE727125002007F7D11 /* HDWalletKit in Frameworks */,
			);
			runOnlyForDeploymentPostprocessing = 0;
		};
		0A0E1EAB270687AE00061EA6 /* Frameworks */ = {
			isa = PBXFrameworksBuildPhase;
			buildActionMask = 2147483647;
			files = (
				F8ABEEEA27125105007F7D11 /* HDWalletKit in Frameworks */,
			);
			runOnlyForDeploymentPostprocessing = 0;
		};
		0A0E1EB7270687AE00061EA6 /* Frameworks */ = {
			isa = PBXFrameworksBuildPhase;
			buildActionMask = 2147483647;
			files = (
				F8ABEEEC2712510B007F7D11 /* HDWalletKit in Frameworks */,
			);
			runOnlyForDeploymentPostprocessing = 0;
		};
		0A0E1EC1270687AE00061EA6 /* Frameworks */ = {
			isa = PBXFrameworksBuildPhase;
			buildActionMask = 2147483647;
			files = (
				F8ABEEEE2712510F007F7D11 /* HDWalletKit in Frameworks */,
			);
			runOnlyForDeploymentPostprocessing = 0;
		};
		F8ABEFCE27141581007F7D11 /* Frameworks */ = {
			isa = PBXFrameworksBuildPhase;
			buildActionMask = 2147483647;
			files = (
			);
			runOnlyForDeploymentPostprocessing = 0;
		};
/* End PBXFrameworksBuildPhase section */

/* Begin PBXGroup section */
		0A0E1E7F270687AA00061EA6 = {
			isa = PBXGroup;
			children = (
				F8ABEEE227124C5D007F7D11 /* Wallet Extension (iOS).entitlements */,
				F8ABEEE127124C30007F7D11 /* Wallet (iOS).entitlements */,
				F8ABEF3A271297A3007F7D11 /* Shared (App and Extension) */,
				0A0E1E84270687AA00061EA6 /* Shared (App) */,
				0A0E1E9E270687AE00061EA6 /* iOS (App) */,
				0A0E1EAF270687AE00061EA6 /* macOS (App) */,
				0A0E1EBE270687AE00061EA6 /* iOS (Extension) */,
				0A0E1EC8270687AE00061EA6 /* macOS (Extension) */,
				0AE54717270694EB00C4A81F /* README.md */,
				F8ABEFD227141581007F7D11 /* WalletTests */,
				0A0E1E9D270687AE00061EA6 /* Products */,
				F8ABEEE827125105007F7D11 /* Frameworks */,
			);
			sourceTree = "<group>";
		};
		0A0E1E84270687AA00061EA6 /* Shared (App) */ = {
			isa = PBXGroup;
			children = (
				4A19E6DB271DC6070096027F /* Networking */,
				F8812B462717E07000D1B231 /* Models */,
				F8321B57271698EB00F12938 /* Onboarding */,
				F8812B562719235B00D1B231 /* TransactionsTab */,
				F8812B552719234A00D1B231 /* ShortcutTab */,
				F8812B6027193E7E00D1B231 /* DeveloperTab */,
				F8ABEF3427125F16007F7D11 /* ContentView.swift */,
				F8ABEEC427124A8C007F7D11 /* BiometricsAuthentication.swift */,
				F8ABEF3127125EFA007F7D11 /* WalletApp.swift */,
				F8ABEF3D27129DEB007F7D11 /* AppDelegate.swift */,
				0A0E1E8D270687AE00061EA6 /* Shared (Extension) */,
				0A0E1E8C270687AE00061EA6 /* Assets.xcassets */,
				0A0E1E85270687AA00061EA6 /* Resources */,
			);
			path = "Shared (App)";
			sourceTree = "<group>";
		};
		0A0E1E85270687AA00061EA6 /* Resources */ = {
			isa = PBXGroup;
			children = (
				0A0E1E86270687AA00061EA6 /* Main.html */,
				0A0E1E88270687AA00061EA6 /* Icon.png */,
				0A0E1E89270687AA00061EA6 /* Style.css */,
				0A0E1E8A270687AA00061EA6 /* Script.js */,
			);
			path = Resources;
			sourceTree = "<group>";
		};
		0A0E1E8D270687AE00061EA6 /* Shared (Extension) */ = {
			isa = PBXGroup;
			children = (
				0A0E1E8E270687AE00061EA6 /* SafariWebExtensionHandler.swift */,
				0A0E1E8F270687AE00061EA6 /* Resources */,
			);
			path = "Shared (Extension)";
			sourceTree = "<group>";
		};
		0A0E1E8F270687AE00061EA6 /* Resources */ = {
			isa = PBXGroup;
			children = (
				0A0E1E90270687AE00061EA6 /* _locales */,
				0A0E1E91270687AE00061EA6 /* images */,
				275C299327117F7D00DA2773 /* injections */,
				0A0E1E92270687AE00061EA6 /* manifest.json */,
				0A0E1E93270687AE00061EA6 /* background.js */,
				0A0E1E94270687AE00061EA6 /* content.js */,
				0A0E1E95270687AE00061EA6 /* popup.html */,
				0A0E1E96270687AE00061EA6 /* popup.css */,
				0A0E1E97270687AE00061EA6 /* popup.js */,
				0AE5471D27091C5800C4A81F /* README.md */,
			);
			path = Resources;
			sourceTree = "<group>";
		};
		0A0E1E9D270687AE00061EA6 /* Products */ = {
			isa = PBXGroup;
			children = (
				0A0E1E9C270687AE00061EA6 /* Wallet.app */,
				0A0E1EAE270687AE00061EA6 /* Wallet.app */,
				0A0E1EBA270687AE00061EA6 /* Wallet Extension.appex */,
				0A0E1EC4270687AE00061EA6 /* Wallet Extension.appex */,
				F8ABEFD127141581007F7D11 /* WalletTests.xctest */,
			);
			name = Products;
			sourceTree = "<group>";
		};
		0A0E1E9E270687AE00061EA6 /* iOS (App) */ = {
			isa = PBXGroup;
			children = (
				0A0E1EA9270687AE00061EA6 /* Info.plist */,
			);
			path = "iOS (App)";
			sourceTree = "<group>";
		};
		0A0E1EAF270687AE00061EA6 /* macOS (App) */ = {
			isa = PBXGroup;
			children = (
				0A0E1EB0270687AE00061EA6 /* AppDelegate.swift */,
				0A0E1EB2270687AE00061EA6 /* Main.storyboard */,
				0A0E1EB5270687AE00061EA6 /* Wallet.entitlements */,
			);
			path = "macOS (App)";
			sourceTree = "<group>";
		};
		0A0E1EBE270687AE00061EA6 /* iOS (Extension) */ = {
			isa = PBXGroup;
			children = (
				0A0E1EBF270687AE00061EA6 /* Info.plist */,
			);
			path = "iOS (Extension)";
			sourceTree = "<group>";
		};
		0A0E1EC8270687AE00061EA6 /* macOS (Extension) */ = {
			isa = PBXGroup;
			children = (
				0A0E1EC9270687AE00061EA6 /* Info.plist */,
				0A0E1ECA270687AE00061EA6 /* Wallet.entitlements */,
			);
			path = "macOS (Extension)";
			sourceTree = "<group>";
		};
		4A19E6DB271DC6070096027F /* Networking */ = {
			isa = PBXGroup;
			children = (
				4A19E6DC271DC8450096027F /* JsonRpcClient.swift */,
			);
			path = Networking;
			sourceTree = "<group>";
		};
		F8321B57271698EB00F12938 /* Onboarding */ = {
			isa = PBXGroup;
			children = (
				F8AD21EB2717B47B0059D754 /* CreateNewWallet */,
				F8AD21EC2717B4890059D754 /* RestoreWallet */,
				F8812B542718BC5A00D1B231 /* Summary */,
				F8AD21ED2717B48F0059D754 /* Intro */,
				F8321B5827169A1D00F12938 /* OnboardingView.swift */,
				F8AD21E5271796CC0059D754 /* RestoreOrCreateWalletView.swift */,
			);
			path = Onboarding;
			sourceTree = "<group>";
		};
		F8812B462717E07000D1B231 /* Models */ = {
			isa = PBXGroup;
			children = (
				F8812B472717E18600D1B231 /* RecoveryPhrase.swift */,
			);
			path = Models;
			sourceTree = "<group>";
		};
		F8812B542718BC5A00D1B231 /* Summary */ = {
			isa = PBXGroup;
			children = (
				F8321B612717768400F12938 /* SummaryView.swift */,
			);
			path = Summary;
			sourceTree = "<group>";
		};
		F8812B552719234A00D1B231 /* ShortcutTab */ = {
			isa = PBXGroup;
			children = (
				F8812B5A271923A300D1B231 /* ShortcutView.swift */,
				F8812B5D27192AA600D1B231 /* ShortcutItem.swift */,
			);
			path = ShortcutTab;
			sourceTree = "<group>";
		};
		F8812B562719235B00D1B231 /* TransactionsTab */ = {
			isa = PBXGroup;
			children = (
				F8812B572719239700D1B231 /* TransactionsView.swift */,
			);
			path = TransactionsTab;
			sourceTree = "<group>";
		};
		F8812B6027193E7E00D1B231 /* DeveloperTab */ = {
			isa = PBXGroup;
			children = (
				F8812B6127193E8B00D1B231 /* DeveloperView.swift */,
			);
			path = DeveloperTab;
			sourceTree = "<group>";
		};
		F8ABEEE827125105007F7D11 /* Frameworks */ = {
			isa = PBXGroup;
			children = (
			);
			name = Frameworks;
			sourceTree = "<group>";
		};
		F8ABEF3A271297A3007F7D11 /* Shared (App and Extension) */ = {
			isa = PBXGroup;
			children = (
				F8ABEF40271389CD007F7D11 /* Extensions */,
				F8ABEF3727129797007F7D11 /* WalletManager.swift */,
				F8ABEEC327124A8C007F7D11 /* Constants.swift */,
				F8ABEEC627124A8C007F7D11 /* SharedDocument.swift */,
				F8ABEEC727124A8C007F7D11 /* WalletError.swift */,
				F8ABEEC527124A8C007F7D11 /* FileObserver.swift */,
				F8ABEEC827124A8C007F7D11 /* KeychainPasswordItem.swift */,
			);
			path = "Shared (App and Extension)";
			sourceTree = "<group>";
		};
		F8ABEF40271389CD007F7D11 /* Extensions */ = {
			isa = PBXGroup;
			children = (
				F8ABEF41271389D9007F7D11 /* URL.swift */,
				F8ABEF46271389F5007F7D11 /* NSFileCoordinator.swift */,
				F8ABEF4B27138E1D007F7D11 /* String.swift */,
			);
			path = Extensions;
			sourceTree = "<group>";
		};
		F8ABEFD227141581007F7D11 /* WalletTests */ = {
			isa = PBXGroup;
			children = (
				F8ABEFDA2714198C007F7D11 /* WalletTests.swift */,
				F8ABEFD327141581007F7D11 /* KeychainTests.swift */,
				4A19E6DF271E673C0096027F /* JsonRpcClientTest.swift */,
			);
			path = WalletTests;
			sourceTree = "<group>";
		};
		F8AD21EB2717B47B0059D754 /* CreateNewWallet */ = {
			isa = PBXGroup;
			children = (
				F8321B5B27176ED600F12938 /* ShowMnemonicView.swift */,
				F8321B5E27176EE700F12938 /* ConfirmMnemonicView.swift */,
				F8AD21E82717B3420059D754 /* CreatePasswordView.swift */,
			);
			path = CreateNewWallet;
			sourceTree = "<group>";
		};
		F8AD21EC2717B4890059D754 /* RestoreWallet */ = {
			isa = PBXGroup;
			children = (
				F8AD21EE2717B4B40059D754 /* RestoreWalletView.swift */,
			);
			path = RestoreWallet;
			sourceTree = "<group>";
		};
		F8AD21ED2717B48F0059D754 /* Intro */ = {
			isa = PBXGroup;
			children = (
				F8812B4B2718B91600D1B231 /* Intro1View.swift */,
				F8812B4E2718B91E00D1B231 /* Intro2View.swift */,
				F8812B512718B92500D1B231 /* Intro3View.swift */,
			);
			path = Intro;
			sourceTree = "<group>";
		};
/* End PBXGroup section */

/* Begin PBXNativeTarget section */
		0A0E1E9B270687AE00061EA6 /* Wallet (iOS) */ = {
			isa = PBXNativeTarget;
			buildConfigurationList = 0A0E1EEF270687AF00061EA6 /* Build configuration list for PBXNativeTarget "Wallet (iOS)" */;
			buildPhases = (
				0A0E1E98270687AE00061EA6 /* Sources */,
				0A0E1E99270687AE00061EA6 /* Frameworks */,
				0A0E1E9A270687AE00061EA6 /* Resources */,
				0A0E1EEE270687AF00061EA6 /* Embed App Extensions */,
			);
			buildRules = (
			);
			dependencies = (
				0A0E1EBD270687AE00061EA6 /* PBXTargetDependency */,
			);
			name = "Wallet (iOS)";
			packageProductDependencies = (
				F8ABEEE627125002007F7D11 /* HDWalletKit */,
			);
			productName = "Wallet (iOS)";
			productReference = 0A0E1E9C270687AE00061EA6 /* Wallet.app */;
			productType = "com.apple.product-type.application";
		};
		0A0E1EAD270687AE00061EA6 /* Wallet (macOS) */ = {
			isa = PBXNativeTarget;
			buildConfigurationList = 0A0E1EF6270687AF00061EA6 /* Build configuration list for PBXNativeTarget "Wallet (macOS)" */;
			buildPhases = (
				0A0E1EAA270687AE00061EA6 /* Sources */,
				0A0E1EAB270687AE00061EA6 /* Frameworks */,
				0A0E1EAC270687AE00061EA6 /* Resources */,
				0A0E1EF5270687AF00061EA6 /* Embed App Extensions */,
			);
			buildRules = (
			);
			dependencies = (
				0A0E1EC7270687AE00061EA6 /* PBXTargetDependency */,
			);
			name = "Wallet (macOS)";
			packageProductDependencies = (
				F8ABEEE927125105007F7D11 /* HDWalletKit */,
			);
			productName = "Wallet (macOS)";
			productReference = 0A0E1EAE270687AE00061EA6 /* Wallet.app */;
			productType = "com.apple.product-type.application";
		};
		0A0E1EB9270687AE00061EA6 /* Wallet Extension (iOS) */ = {
			isa = PBXNativeTarget;
			buildConfigurationList = 0A0E1EEB270687AF00061EA6 /* Build configuration list for PBXNativeTarget "Wallet Extension (iOS)" */;
			buildPhases = (
				0A0E1EB6270687AE00061EA6 /* Sources */,
				0A0E1EB7270687AE00061EA6 /* Frameworks */,
				0A0E1EB8270687AE00061EA6 /* Resources */,
			);
			buildRules = (
			);
			dependencies = (
			);
			name = "Wallet Extension (iOS)";
			packageProductDependencies = (
				F8ABEEEB2712510B007F7D11 /* HDWalletKit */,
			);
			productName = "Wallet Extension (iOS)";
			productReference = 0A0E1EBA270687AE00061EA6 /* Wallet Extension.appex */;
			productType = "com.apple.product-type.app-extension";
		};
		0A0E1EC3270687AE00061EA6 /* Wallet Extension (macOS) */ = {
			isa = PBXNativeTarget;
			buildConfigurationList = 0A0E1EF2270687AF00061EA6 /* Build configuration list for PBXNativeTarget "Wallet Extension (macOS)" */;
			buildPhases = (
				0A0E1EC0270687AE00061EA6 /* Sources */,
				0A0E1EC1270687AE00061EA6 /* Frameworks */,
				0A0E1EC2270687AE00061EA6 /* Resources */,
			);
			buildRules = (
			);
			dependencies = (
			);
			name = "Wallet Extension (macOS)";
			packageProductDependencies = (
				F8ABEEED2712510F007F7D11 /* HDWalletKit */,
			);
			productName = "Wallet Extension (macOS)";
			productReference = 0A0E1EC4270687AE00061EA6 /* Wallet Extension.appex */;
			productType = "com.apple.product-type.app-extension";
		};
		F8ABEFD027141581007F7D11 /* WalletTests */ = {
			isa = PBXNativeTarget;
			buildConfigurationList = F8ABEFD727141581007F7D11 /* Build configuration list for PBXNativeTarget "WalletTests" */;
			buildPhases = (
				F8ABEFCD27141581007F7D11 /* Sources */,
				F8ABEFCE27141581007F7D11 /* Frameworks */,
				F8ABEFCF27141581007F7D11 /* Resources */,
			);
			buildRules = (
			);
			dependencies = (
				F8ABEFD627141581007F7D11 /* PBXTargetDependency */,
			);
			name = WalletTests;
			productName = WalletTests;
			productReference = F8ABEFD127141581007F7D11 /* WalletTests.xctest */;
			productType = "com.apple.product-type.bundle.unit-test";
		};
/* End PBXNativeTarget section */

/* Begin PBXProject section */
		0A0E1E80270687AA00061EA6 /* Project object */ = {
			isa = PBXProject;
			attributes = {
				BuildIndependentTargetsInParallel = 1;
				LastSwiftUpdateCheck = 1300;
				LastUpgradeCheck = 1300;
				TargetAttributes = {
					0A0E1E9B270687AE00061EA6 = {
						CreatedOnToolsVersion = 13.0;
					};
					0A0E1EAD270687AE00061EA6 = {
						CreatedOnToolsVersion = 13.0;
					};
					0A0E1EB9270687AE00061EA6 = {
						CreatedOnToolsVersion = 13.0;
					};
					0A0E1EC3270687AE00061EA6 = {
						CreatedOnToolsVersion = 13.0;
					};
					F8ABEFD027141581007F7D11 = {
						CreatedOnToolsVersion = 13.0;
						TestTargetID = 0A0E1E9B270687AE00061EA6;
					};
				};
			};
			buildConfigurationList = 0A0E1E83270687AA00061EA6 /* Build configuration list for PBXProject "Wallet" */;
			compatibilityVersion = "Xcode 13.0";
			developmentRegion = en;
			hasScannedForEncodings = 0;
			knownRegions = (
				en,
				Base,
			);
			mainGroup = 0A0E1E7F270687AA00061EA6;
			packageReferences = (
				F8ABEEE527125002007F7D11 /* XCRemoteSwiftPackageReference "HDWallet" */,
			);
			productRefGroup = 0A0E1E9D270687AE00061EA6 /* Products */;
			projectDirPath = "";
			projectRoot = "";
			targets = (
				0A0E1E9B270687AE00061EA6 /* Wallet (iOS) */,
				0A0E1EAD270687AE00061EA6 /* Wallet (macOS) */,
				0A0E1EB9270687AE00061EA6 /* Wallet Extension (iOS) */,
				0A0E1EC3270687AE00061EA6 /* Wallet Extension (macOS) */,
				F8ABEFD027141581007F7D11 /* WalletTests */,
			);
		};
/* End PBXProject section */

/* Begin PBXResourcesBuildPhase section */
		0A0E1E9A270687AE00061EA6 /* Resources */ = {
			isa = PBXResourcesBuildPhase;
			buildActionMask = 2147483647;
			files = (
				0A0E1ECD270687AE00061EA6 /* Icon.png in Resources */,
				0A0E1ECB270687AE00061EA6 /* Main.html in Resources */,
				0A0E1ED1270687AE00061EA6 /* Script.js in Resources */,
				0A0E1ED5270687AE00061EA6 /* Assets.xcassets in Resources */,
				0A0E1ECF270687AE00061EA6 /* Style.css in Resources */,
			);
			runOnlyForDeploymentPostprocessing = 0;
		};
		0A0E1EAC270687AE00061EA6 /* Resources */ = {
			isa = PBXResourcesBuildPhase;
			buildActionMask = 2147483647;
			files = (
				0A0E1ECE270687AE00061EA6 /* Icon.png in Resources */,
				0A0E1ED0270687AE00061EA6 /* Style.css in Resources */,
				0A0E1ED2270687AE00061EA6 /* Script.js in Resources */,
				0A0E1ED6270687AE00061EA6 /* Assets.xcassets in Resources */,
				0A0E1ECC270687AE00061EA6 /* Main.html in Resources */,
			);
			runOnlyForDeploymentPostprocessing = 0;
		};
		0A0E1EB8270687AE00061EA6 /* Resources */ = {
			isa = PBXResourcesBuildPhase;
			buildActionMask = 2147483647;
			files = (
				0A0E1EDF270687AE00061EA6 /* background.js in Resources */,
				0A0E1EE5270687AE00061EA6 /* popup.css in Resources */,
				0A0E1EE3270687AE00061EA6 /* popup.html in Resources */,
				275C299427117F7D00DA2773 /* injections in Resources */,
				0A0E1EDB270687AE00061EA6 /* images in Resources */,
				0A0E1EDD270687AE00061EA6 /* manifest.json in Resources */,
				0A0E1ED9270687AE00061EA6 /* _locales in Resources */,
				0A0E1EE1270687AE00061EA6 /* content.js in Resources */,
				0A0E1EE7270687AE00061EA6 /* popup.js in Resources */,
			);
			runOnlyForDeploymentPostprocessing = 0;
		};
		0A0E1EC2270687AE00061EA6 /* Resources */ = {
			isa = PBXResourcesBuildPhase;
			buildActionMask = 2147483647;
			files = (
				0A0E1EE0270687AE00061EA6 /* background.js in Resources */,
				0A0E1EE6270687AE00061EA6 /* popup.css in Resources */,
				0A0E1EE4270687AE00061EA6 /* popup.html in Resources */,
				275C299527117F7D00DA2773 /* injections in Resources */,
				0A0E1EDC270687AE00061EA6 /* images in Resources */,
				0A0E1EDE270687AE00061EA6 /* manifest.json in Resources */,
				0A0E1EDA270687AE00061EA6 /* _locales in Resources */,
				0A0E1EE2270687AE00061EA6 /* content.js in Resources */,
				0A0E1EE8270687AE00061EA6 /* popup.js in Resources */,
			);
			runOnlyForDeploymentPostprocessing = 0;
		};
		F8ABEFCF27141581007F7D11 /* Resources */ = {
			isa = PBXResourcesBuildPhase;
			buildActionMask = 2147483647;
			files = (
			);
			runOnlyForDeploymentPostprocessing = 0;
		};
/* End PBXResourcesBuildPhase section */

/* Begin PBXSourcesBuildPhase section */
		0A0E1E98270687AE00061EA6 /* Sources */ = {
			isa = PBXSourcesBuildPhase;
			buildActionMask = 2147483647;
			files = (
				F8812B5B271923A300D1B231 /* ShortcutView.swift in Sources */,
				F8812B582719239700D1B231 /* TransactionsView.swift in Sources */,
				F8ABEF3527125F16007F7D11 /* ContentView.swift in Sources */,
				F8812B4F2718B91E00D1B231 /* Intro2View.swift in Sources */,
				F8812B4C2718B91600D1B231 /* Intro1View.swift in Sources */,
				F8ABEF4C27138E1D007F7D11 /* String.swift in Sources */,
				F8ABEF47271389F5007F7D11 /* NSFileCoordinator.swift in Sources */,
				4A19E6DD271DC8450096027F /* JsonRpcClient.swift in Sources */,
				F8812B522718B92500D1B231 /* Intro3View.swift in Sources */,
				F8AD21E6271796CC0059D754 /* RestoreOrCreateWalletView.swift in Sources */,
				F8321B5C27176ED600F12938 /* ShowMnemonicView.swift in Sources */,
				F8321B5F27176EE700F12938 /* ConfirmMnemonicView.swift in Sources */,
				F8AD21EF2717B4B40059D754 /* RestoreWalletView.swift in Sources */,
				F8AD21E92717B3420059D754 /* CreatePasswordView.swift in Sources */,
				F8ABEECD27124A8C007F7D11 /* BiometricsAuthentication.swift in Sources */,
				F8ABEF3227125EFA007F7D11 /* WalletApp.swift in Sources */,
				F8ABEF42271389D9007F7D11 /* URL.swift in Sources */,
				F8ABEED527124A8C007F7D11 /* SharedDocument.swift in Sources */,
				F8ABEEDD27124A8C007F7D11 /* KeychainPasswordItem.swift in Sources */,
				F8ABEEC927124A8C007F7D11 /* Constants.swift in Sources */,
				F8812B6227193E8B00D1B231 /* DeveloperView.swift in Sources */,
				F8812B5E27192AA600D1B231 /* ShortcutItem.swift in Sources */,
				F8321B622717768400F12938 /* SummaryView.swift in Sources */,
				F8ABEF3827129797007F7D11 /* WalletManager.swift in Sources */,
				F8812B482717E18600D1B231 /* RecoveryPhrase.swift in Sources */,
				F8ABEED127124A8C007F7D11 /* FileObserver.swift in Sources */,
				F8ABEF3E27129DEB007F7D11 /* AppDelegate.swift in Sources */,
				F8ABEED927124A8C007F7D11 /* WalletError.swift in Sources */,
				F8321B5927169A1D00F12938 /* OnboardingView.swift in Sources */,
			);
			runOnlyForDeploymentPostprocessing = 0;
		};
		0A0E1EAA270687AE00061EA6 /* Sources */ = {
			isa = PBXSourcesBuildPhase;
			buildActionMask = 2147483647;
			files = (
				F8812B5C271923A300D1B231 /* ShortcutView.swift in Sources */,
				F8812B592719239700D1B231 /* TransactionsView.swift in Sources */,
				F8ABEF3327125EFA007F7D11 /* WalletApp.swift in Sources */,
				F8812B502718B91E00D1B231 /* Intro2View.swift in Sources */,
				F8812B4D2718B91600D1B231 /* Intro1View.swift in Sources */,
				F8ABEF4D27138E1D007F7D11 /* String.swift in Sources */,
				F8ABEF48271389F5007F7D11 /* NSFileCoordinator.swift in Sources */,
				4A19E6DE271DC8500096027F /* JsonRpcClient.swift in Sources */,
				F8812B532718B92500D1B231 /* Intro3View.swift in Sources */,
				F8AD21E7271796CC0059D754 /* RestoreOrCreateWalletView.swift in Sources */,
				F8321B5D27176ED600F12938 /* ShowMnemonicView.swift in Sources */,
				F8321B6027176EE700F12938 /* ConfirmMnemonicView.swift in Sources */,
				F8AD21F02717B4B40059D754 /* RestoreWalletView.swift in Sources */,
				F8AD21EA2717B3420059D754 /* CreatePasswordView.swift in Sources */,
				F8ABEED227124A8C007F7D11 /* FileObserver.swift in Sources */,
				F8ABEEDE27124A8C007F7D11 /* KeychainPasswordItem.swift in Sources */,
				F8ABEF43271389D9007F7D11 /* URL.swift in Sources */,
				F8ABEED627124A8C007F7D11 /* SharedDocument.swift in Sources */,
				F8ABEF3627125F16007F7D11 /* ContentView.swift in Sources */,
				F8ABEECE27124A8C007F7D11 /* BiometricsAuthentication.swift in Sources */,
				F8812B6327193E8B00D1B231 /* DeveloperView.swift in Sources */,
				F8812B5F27192AA600D1B231 /* ShortcutItem.swift in Sources */,
				F8321B632717768400F12938 /* SummaryView.swift in Sources */,
				F8ABEF3927129797007F7D11 /* WalletManager.swift in Sources */,
				F8ABEECA27124A8C007F7D11 /* Constants.swift in Sources */,
				F8ABEF3F27129DEB007F7D11 /* AppDelegate.swift in Sources */,
				F8812B4A2717E2F700D1B231 /* RecoveryPhrase.swift in Sources */,
				F8ABEEDA27124A8C007F7D11 /* WalletError.swift in Sources */,
				F8321B5A27176EBE00F12938 /* OnboardingView.swift in Sources */,
			);
			runOnlyForDeploymentPostprocessing = 0;
		};
		0A0E1EB6270687AE00061EA6 /* Sources */ = {
			isa = PBXSourcesBuildPhase;
			buildActionMask = 2147483647;
			files = (
				0A0E1ED7270687AE00061EA6 /* SafariWebExtensionHandler.swift in Sources */,
				F8ABEED327124A8C007F7D11 /* FileObserver.swift in Sources */,
				F8ABEF4E27138E1D007F7D11 /* String.swift in Sources */,
				F8ABEF3B271297B3007F7D11 /* WalletManager.swift in Sources */,
				F8ABEECB27124A8C007F7D11 /* Constants.swift in Sources */,
				F8ABEEDF27124A8C007F7D11 /* KeychainPasswordItem.swift in Sources */,
				F8ABEEDB27124A8C007F7D11 /* WalletError.swift in Sources */,
				F8ABEED727124A8C007F7D11 /* SharedDocument.swift in Sources */,
				F8ABEF49271389F5007F7D11 /* NSFileCoordinator.swift in Sources */,
				F8ABEF44271389D9007F7D11 /* URL.swift in Sources */,
			);
			runOnlyForDeploymentPostprocessing = 0;
		};
		0A0E1EC0270687AE00061EA6 /* Sources */ = {
			isa = PBXSourcesBuildPhase;
			buildActionMask = 2147483647;
			files = (
				0A0E1ED8270687AE00061EA6 /* SafariWebExtensionHandler.swift in Sources */,
				F8ABEED427124A8C007F7D11 /* FileObserver.swift in Sources */,
				F8ABEF4F27138E1D007F7D11 /* String.swift in Sources */,
				F8ABEF3C271297B3007F7D11 /* WalletManager.swift in Sources */,
				F8ABEECC27124A8C007F7D11 /* Constants.swift in Sources */,
				F8ABEEE027124A8C007F7D11 /* KeychainPasswordItem.swift in Sources */,
				F8ABEEDC27124A8C007F7D11 /* WalletError.swift in Sources */,
				F8ABEED827124A8C007F7D11 /* SharedDocument.swift in Sources */,
				F8ABEF4A271389F5007F7D11 /* NSFileCoordinator.swift in Sources */,
				F8ABEF45271389D9007F7D11 /* URL.swift in Sources */,
			);
			runOnlyForDeploymentPostprocessing = 0;
		};
		F8ABEFCD27141581007F7D11 /* Sources */ = {
			isa = PBXSourcesBuildPhase;
			buildActionMask = 2147483647;
			files = (
				F8ABEFDB2714198C007F7D11 /* WalletTests.swift in Sources */,
				F8ABEFD427141581007F7D11 /* KeychainTests.swift in Sources */,
				4A19E6E0271E673C0096027F /* JsonRpcClientTest.swift in Sources */,
			);
			runOnlyForDeploymentPostprocessing = 0;
		};
/* End PBXSourcesBuildPhase section */

/* Begin PBXTargetDependency section */
		0A0E1EBD270687AE00061EA6 /* PBXTargetDependency */ = {
			isa = PBXTargetDependency;
			target = 0A0E1EB9270687AE00061EA6 /* Wallet Extension (iOS) */;
			targetProxy = 0A0E1EBC270687AE00061EA6 /* PBXContainerItemProxy */;
		};
		0A0E1EC7270687AE00061EA6 /* PBXTargetDependency */ = {
			isa = PBXTargetDependency;
			target = 0A0E1EC3270687AE00061EA6 /* Wallet Extension (macOS) */;
			targetProxy = 0A0E1EC6270687AE00061EA6 /* PBXContainerItemProxy */;
		};
		F8ABEFD627141581007F7D11 /* PBXTargetDependency */ = {
			isa = PBXTargetDependency;
			target = 0A0E1E9B270687AE00061EA6 /* Wallet (iOS) */;
			targetProxy = F8ABEFD527141581007F7D11 /* PBXContainerItemProxy */;
		};
/* End PBXTargetDependency section */

/* Begin PBXVariantGroup section */
		0A0E1E86270687AA00061EA6 /* Main.html */ = {
			isa = PBXVariantGroup;
			children = (
				0A0E1E87270687AA00061EA6 /* Base */,
			);
			name = Main.html;
			sourceTree = "<group>";
		};
		0A0E1EB2270687AE00061EA6 /* Main.storyboard */ = {
			isa = PBXVariantGroup;
			children = (
				0A0E1EB3270687AE00061EA6 /* Base */,
			);
			name = Main.storyboard;
			sourceTree = "<group>";
		};
/* End PBXVariantGroup section */

/* Begin XCBuildConfiguration section */
		0A0E1EE9270687AE00061EA6 /* Debug */ = {
			isa = XCBuildConfiguration;
			buildSettings = {
				ALWAYS_SEARCH_USER_PATHS = NO;
				CLANG_ANALYZER_NONNULL = YES;
				CLANG_ANALYZER_NUMBER_OBJECT_CONVERSION = YES_AGGRESSIVE;
				CLANG_CXX_LANGUAGE_STANDARD = "gnu++17";
				CLANG_CXX_LIBRARY = "libc++";
				CLANG_ENABLE_MODULES = YES;
				CLANG_ENABLE_OBJC_ARC = YES;
				CLANG_ENABLE_OBJC_WEAK = YES;
				CLANG_WARN_BLOCK_CAPTURE_AUTORELEASING = YES;
				CLANG_WARN_BOOL_CONVERSION = YES;
				CLANG_WARN_COMMA = YES;
				CLANG_WARN_CONSTANT_CONVERSION = YES;
				CLANG_WARN_DEPRECATED_OBJC_IMPLEMENTATIONS = YES;
				CLANG_WARN_DIRECT_OBJC_ISA_USAGE = YES_ERROR;
				CLANG_WARN_DOCUMENTATION_COMMENTS = YES;
				CLANG_WARN_EMPTY_BODY = YES;
				CLANG_WARN_ENUM_CONVERSION = YES;
				CLANG_WARN_INFINITE_RECURSION = YES;
				CLANG_WARN_INT_CONVERSION = YES;
				CLANG_WARN_NON_LITERAL_NULL_CONVERSION = YES;
				CLANG_WARN_OBJC_IMPLICIT_RETAIN_SELF = YES;
				CLANG_WARN_OBJC_LITERAL_CONVERSION = YES;
				CLANG_WARN_OBJC_ROOT_CLASS = YES_ERROR;
				CLANG_WARN_QUOTED_INCLUDE_IN_FRAMEWORK_HEADER = YES;
				CLANG_WARN_RANGE_LOOP_ANALYSIS = YES;
				CLANG_WARN_STRICT_PROTOTYPES = YES;
				CLANG_WARN_SUSPICIOUS_MOVE = YES;
				CLANG_WARN_UNGUARDED_AVAILABILITY = YES_AGGRESSIVE;
				CLANG_WARN_UNREACHABLE_CODE = YES;
				CLANG_WARN__DUPLICATE_METHOD_MATCH = YES;
				COPY_PHASE_STRIP = NO;
				DEBUG_INFORMATION_FORMAT = dwarf;
				ENABLE_STRICT_OBJC_MSGSEND = YES;
				ENABLE_TESTABILITY = YES;
				GCC_C_LANGUAGE_STANDARD = gnu11;
				GCC_DYNAMIC_NO_PIC = NO;
				GCC_NO_COMMON_BLOCKS = YES;
				GCC_OPTIMIZATION_LEVEL = 0;
				GCC_PREPROCESSOR_DEFINITIONS = (
					"DEBUG=1",
					"$(inherited)",
				);
				GCC_WARN_64_TO_32_BIT_CONVERSION = YES;
				GCC_WARN_ABOUT_RETURN_TYPE = YES_ERROR;
				GCC_WARN_UNDECLARED_SELECTOR = YES;
				GCC_WARN_UNINITIALIZED_AUTOS = YES_AGGRESSIVE;
				GCC_WARN_UNUSED_FUNCTION = YES;
				GCC_WARN_UNUSED_VARIABLE = YES;
				MTL_ENABLE_DEBUG_INFO = INCLUDE_SOURCE;
				MTL_FAST_MATH = YES;
				ONLY_ACTIVE_ARCH = YES;
				SWIFT_ACTIVE_COMPILATION_CONDITIONS = DEBUG;
				SWIFT_OPTIMIZATION_LEVEL = "-Onone";
			};
			name = Debug;
		};
		0A0E1EEA270687AE00061EA6 /* Release */ = {
			isa = XCBuildConfiguration;
			buildSettings = {
				ALWAYS_SEARCH_USER_PATHS = NO;
				CLANG_ANALYZER_NONNULL = YES;
				CLANG_ANALYZER_NUMBER_OBJECT_CONVERSION = YES_AGGRESSIVE;
				CLANG_CXX_LANGUAGE_STANDARD = "gnu++17";
				CLANG_CXX_LIBRARY = "libc++";
				CLANG_ENABLE_MODULES = YES;
				CLANG_ENABLE_OBJC_ARC = YES;
				CLANG_ENABLE_OBJC_WEAK = YES;
				CLANG_WARN_BLOCK_CAPTURE_AUTORELEASING = YES;
				CLANG_WARN_BOOL_CONVERSION = YES;
				CLANG_WARN_COMMA = YES;
				CLANG_WARN_CONSTANT_CONVERSION = YES;
				CLANG_WARN_DEPRECATED_OBJC_IMPLEMENTATIONS = YES;
				CLANG_WARN_DIRECT_OBJC_ISA_USAGE = YES_ERROR;
				CLANG_WARN_DOCUMENTATION_COMMENTS = YES;
				CLANG_WARN_EMPTY_BODY = YES;
				CLANG_WARN_ENUM_CONVERSION = YES;
				CLANG_WARN_INFINITE_RECURSION = YES;
				CLANG_WARN_INT_CONVERSION = YES;
				CLANG_WARN_NON_LITERAL_NULL_CONVERSION = YES;
				CLANG_WARN_OBJC_IMPLICIT_RETAIN_SELF = YES;
				CLANG_WARN_OBJC_LITERAL_CONVERSION = YES;
				CLANG_WARN_OBJC_ROOT_CLASS = YES_ERROR;
				CLANG_WARN_QUOTED_INCLUDE_IN_FRAMEWORK_HEADER = YES;
				CLANG_WARN_RANGE_LOOP_ANALYSIS = YES;
				CLANG_WARN_STRICT_PROTOTYPES = YES;
				CLANG_WARN_SUSPICIOUS_MOVE = YES;
				CLANG_WARN_UNGUARDED_AVAILABILITY = YES_AGGRESSIVE;
				CLANG_WARN_UNREACHABLE_CODE = YES;
				CLANG_WARN__DUPLICATE_METHOD_MATCH = YES;
				COPY_PHASE_STRIP = NO;
				DEBUG_INFORMATION_FORMAT = "dwarf-with-dsym";
				ENABLE_NS_ASSERTIONS = NO;
				ENABLE_STRICT_OBJC_MSGSEND = YES;
				GCC_C_LANGUAGE_STANDARD = gnu11;
				GCC_NO_COMMON_BLOCKS = YES;
				GCC_WARN_64_TO_32_BIT_CONVERSION = YES;
				GCC_WARN_ABOUT_RETURN_TYPE = YES_ERROR;
				GCC_WARN_UNDECLARED_SELECTOR = YES;
				GCC_WARN_UNINITIALIZED_AUTOS = YES_AGGRESSIVE;
				GCC_WARN_UNUSED_FUNCTION = YES;
				GCC_WARN_UNUSED_VARIABLE = YES;
				MTL_ENABLE_DEBUG_INFO = NO;
				MTL_FAST_MATH = YES;
				SWIFT_COMPILATION_MODE = wholemodule;
				SWIFT_OPTIMIZATION_LEVEL = "-O";
			};
			name = Release;
		};
		0A0E1EEC270687AF00061EA6 /* Debug */ = {
			isa = XCBuildConfiguration;
			buildSettings = {
				CODE_SIGN_ENTITLEMENTS = "Wallet Extension (iOS).entitlements";
				CODE_SIGN_STYLE = Automatic;
				CURRENT_PROJECT_VERSION = 1;
				DEVELOPMENT_TEAM = TPKP4XK352;
				GENERATE_INFOPLIST_FILE = YES;
				INFOPLIST_FILE = "iOS (Extension)/Info.plist";
				INFOPLIST_KEY_CFBundleDisplayName = "Wallet Extension";
				INFOPLIST_KEY_NSFaceIDUsageDescription = "Access to your password is protected by FaceID";
				INFOPLIST_KEY_NSHumanReadableCopyright = "";
				IPHONEOS_DEPLOYMENT_TARGET = 15.0;
				LD_RUNPATH_SEARCH_PATHS = (
					"$(inherited)",
					"@executable_path/Frameworks",
					"@executable_path/../../Frameworks",
				);
				MARKETING_VERSION = 1.0;
				OTHER_LDFLAGS = (
					"-framework",
					SafariServices,
				);
				PRODUCT_BUNDLE_IDENTIFIER = com.safari.Wallet.Extension;
				PRODUCT_NAME = "Wallet Extension";
				SDKROOT = iphoneos;
				SKIP_INSTALL = YES;
				SWIFT_EMIT_LOC_STRINGS = YES;
				SWIFT_VERSION = 5.0;
				TARGETED_DEVICE_FAMILY = "1,2";
			};
			name = Debug;
		};
		0A0E1EED270687AF00061EA6 /* Release */ = {
			isa = XCBuildConfiguration;
			buildSettings = {
				CODE_SIGN_ENTITLEMENTS = "Wallet Extension (iOS).entitlements";
				CODE_SIGN_STYLE = Automatic;
				CURRENT_PROJECT_VERSION = 1;
				DEVELOPMENT_TEAM = TPKP4XK352;
				GENERATE_INFOPLIST_FILE = YES;
				INFOPLIST_FILE = "iOS (Extension)/Info.plist";
				INFOPLIST_KEY_CFBundleDisplayName = "Wallet Extension";
				INFOPLIST_KEY_NSFaceIDUsageDescription = "Access to your password is protected by FaceID";
				INFOPLIST_KEY_NSHumanReadableCopyright = "";
				IPHONEOS_DEPLOYMENT_TARGET = 15.0;
				LD_RUNPATH_SEARCH_PATHS = (
					"$(inherited)",
					"@executable_path/Frameworks",
					"@executable_path/../../Frameworks",
				);
				MARKETING_VERSION = 1.0;
				OTHER_LDFLAGS = (
					"-framework",
					SafariServices,
				);
				PRODUCT_BUNDLE_IDENTIFIER = com.safari.Wallet.Extension;
				PRODUCT_NAME = "Wallet Extension";
				SDKROOT = iphoneos;
				SKIP_INSTALL = YES;
				SWIFT_EMIT_LOC_STRINGS = YES;
				SWIFT_VERSION = 5.0;
				TARGETED_DEVICE_FAMILY = "1,2";
				VALIDATE_PRODUCT = YES;
			};
			name = Release;
		};
		0A0E1EF0270687AF00061EA6 /* Debug */ = {
			isa = XCBuildConfiguration;
			buildSettings = {
				ALWAYS_EMBED_SWIFT_STANDARD_LIBRARIES = YES;
				ASSETCATALOG_COMPILER_APPICON_NAME = AppIcon;
				ASSETCATALOG_COMPILER_GLOBAL_ACCENT_COLOR_NAME = AccentColor;
				CODE_SIGN_ENTITLEMENTS = "Wallet (iOS).entitlements";
				CODE_SIGN_STYLE = Automatic;
				CURRENT_PROJECT_VERSION = 1;
				DEVELOPMENT_TEAM = TPKP4XK352;
				GENERATE_INFOPLIST_FILE = YES;
				INFOPLIST_FILE = "iOS (App)/Info.plist";
				INFOPLIST_KEY_CFBundleDisplayName = Wallet;
				INFOPLIST_KEY_NSFaceIDUsageDescription = "Access to your password is protected by FaceID";
				INFOPLIST_KEY_UIApplicationSceneManifest_Generation = YES;
				INFOPLIST_KEY_UIApplicationSupportsIndirectInputEvents = YES;
				INFOPLIST_KEY_UILaunchStoryboardName = LaunchScreen;
				INFOPLIST_KEY_UISupportedInterfaceOrientations = "";
				INFOPLIST_KEY_UISupportedInterfaceOrientations_iPad = "UIInterfaceOrientationPortrait UIInterfaceOrientationPortraitUpsideDown UIInterfaceOrientationLandscapeLeft UIInterfaceOrientationLandscapeRight";
				IPHONEOS_DEPLOYMENT_TARGET = 15.0;
				LD_RUNPATH_SEARCH_PATHS = (
					"$(inherited)",
					"@executable_path/Frameworks",
				);
				MARKETING_VERSION = 1.0;
				OTHER_LDFLAGS = (
					"-framework",
					SafariServices,
					"-framework",
					WebKit,
				);
				PRODUCT_BUNDLE_IDENTIFIER = com.safari.Wallet;
				PRODUCT_NAME = Wallet;
				SDKROOT = iphoneos;
				SWIFT_EMIT_LOC_STRINGS = YES;
				SWIFT_VERSION = 5.0;
				TARGETED_DEVICE_FAMILY = "1,2";
			};
			name = Debug;
		};
		0A0E1EF1270687AF00061EA6 /* Release */ = {
			isa = XCBuildConfiguration;
			buildSettings = {
				ALWAYS_EMBED_SWIFT_STANDARD_LIBRARIES = YES;
				ASSETCATALOG_COMPILER_APPICON_NAME = AppIcon;
				ASSETCATALOG_COMPILER_GLOBAL_ACCENT_COLOR_NAME = AccentColor;
				CODE_SIGN_ENTITLEMENTS = "Wallet (iOS).entitlements";
				CODE_SIGN_STYLE = Automatic;
				CURRENT_PROJECT_VERSION = 1;
				DEVELOPMENT_TEAM = TPKP4XK352;
				GENERATE_INFOPLIST_FILE = YES;
				INFOPLIST_FILE = "iOS (App)/Info.plist";
				INFOPLIST_KEY_CFBundleDisplayName = Wallet;
				INFOPLIST_KEY_NSFaceIDUsageDescription = "Access to your password is protected by FaceID";
				INFOPLIST_KEY_UIApplicationSceneManifest_Generation = YES;
				INFOPLIST_KEY_UIApplicationSupportsIndirectInputEvents = YES;
				INFOPLIST_KEY_UILaunchStoryboardName = LaunchScreen;
				INFOPLIST_KEY_UISupportedInterfaceOrientations = "";
				INFOPLIST_KEY_UISupportedInterfaceOrientations_iPad = "UIInterfaceOrientationPortrait UIInterfaceOrientationPortraitUpsideDown UIInterfaceOrientationLandscapeLeft UIInterfaceOrientationLandscapeRight";
				IPHONEOS_DEPLOYMENT_TARGET = 15.0;
				LD_RUNPATH_SEARCH_PATHS = (
					"$(inherited)",
					"@executable_path/Frameworks",
				);
				MARKETING_VERSION = 1.0;
				OTHER_LDFLAGS = (
					"-framework",
					SafariServices,
					"-framework",
					WebKit,
				);
				PRODUCT_BUNDLE_IDENTIFIER = com.safari.Wallet;
				PRODUCT_NAME = Wallet;
				SDKROOT = iphoneos;
				SWIFT_EMIT_LOC_STRINGS = YES;
				SWIFT_VERSION = 5.0;
				TARGETED_DEVICE_FAMILY = "1,2";
				VALIDATE_PRODUCT = YES;
			};
			name = Release;
		};
		0A0E1EF3270687AF00061EA6 /* Debug */ = {
			isa = XCBuildConfiguration;
			buildSettings = {
				CODE_SIGN_ENTITLEMENTS = "macOS (Extension)/Wallet.entitlements";
				CODE_SIGN_IDENTITY = "-";
				CODE_SIGN_STYLE = Automatic;
				CURRENT_PROJECT_VERSION = 1;
				DEVELOPMENT_TEAM = TPKP4XK352;
				ENABLE_HARDENED_RUNTIME = YES;
				GENERATE_INFOPLIST_FILE = YES;
				INFOPLIST_FILE = "macOS (Extension)/Info.plist";
				INFOPLIST_KEY_CFBundleDisplayName = "Wallet Extension";
				INFOPLIST_KEY_NSHumanReadableCopyright = "";
				LD_RUNPATH_SEARCH_PATHS = (
					"$(inherited)",
					"@executable_path/../Frameworks",
					"@executable_path/../../../../Frameworks",
				);
				MACOSX_DEPLOYMENT_TARGET = 10.14;
				MARKETING_VERSION = 1.0;
				OTHER_LDFLAGS = (
					"-framework",
					SafariServices,
				);
				PRODUCT_BUNDLE_IDENTIFIER = com.safari.Wallet.Extension;
				PRODUCT_NAME = "Wallet Extension";
				SDKROOT = macosx;
				SKIP_INSTALL = YES;
				SWIFT_EMIT_LOC_STRINGS = YES;
				SWIFT_VERSION = 5.0;
			};
			name = Debug;
		};
		0A0E1EF4270687AF00061EA6 /* Release */ = {
			isa = XCBuildConfiguration;
			buildSettings = {
				CODE_SIGN_ENTITLEMENTS = "macOS (Extension)/Wallet.entitlements";
				CODE_SIGN_IDENTITY = "-";
				CODE_SIGN_STYLE = Automatic;
				CURRENT_PROJECT_VERSION = 1;
				DEVELOPMENT_TEAM = TPKP4XK352;
				ENABLE_HARDENED_RUNTIME = YES;
				GENERATE_INFOPLIST_FILE = YES;
				INFOPLIST_FILE = "macOS (Extension)/Info.plist";
				INFOPLIST_KEY_CFBundleDisplayName = "Wallet Extension";
				INFOPLIST_KEY_NSHumanReadableCopyright = "";
				LD_RUNPATH_SEARCH_PATHS = (
					"$(inherited)",
					"@executable_path/../Frameworks",
					"@executable_path/../../../../Frameworks",
				);
				MACOSX_DEPLOYMENT_TARGET = 10.14;
				MARKETING_VERSION = 1.0;
				OTHER_LDFLAGS = (
					"-framework",
					SafariServices,
				);
				PRODUCT_BUNDLE_IDENTIFIER = com.safari.Wallet.Extension;
				PRODUCT_NAME = "Wallet Extension";
				SDKROOT = macosx;
				SKIP_INSTALL = YES;
				SWIFT_EMIT_LOC_STRINGS = YES;
				SWIFT_VERSION = 5.0;
			};
			name = Release;
		};
		0A0E1EF7270687AF00061EA6 /* Debug */ = {
			isa = XCBuildConfiguration;
			buildSettings = {
				ALWAYS_EMBED_SWIFT_STANDARD_LIBRARIES = YES;
				ASSETCATALOG_COMPILER_APPICON_NAME = AppIcon;
				ASSETCATALOG_COMPILER_GLOBAL_ACCENT_COLOR_NAME = AccentColor;
				CODE_SIGN_ENTITLEMENTS = "macOS (App)/Wallet.entitlements";
				CODE_SIGN_IDENTITY = "-";
				CODE_SIGN_STYLE = Automatic;
				CURRENT_PROJECT_VERSION = 1;
				DEVELOPMENT_TEAM = TPKP4XK352;
				ENABLE_HARDENED_RUNTIME = YES;
				GENERATE_INFOPLIST_FILE = YES;
				INFOPLIST_KEY_CFBundleDisplayName = Wallet;
				LD_RUNPATH_SEARCH_PATHS = (
					"$(inherited)",
					"@executable_path/../Frameworks",
				);
				MACOSX_DEPLOYMENT_TARGET = 11.3;
				MARKETING_VERSION = 1.0;
				OTHER_LDFLAGS = (
					"-framework",
					SafariServices,
					"-framework",
					WebKit,
				);
				PRODUCT_BUNDLE_IDENTIFIER = com.safari.Wallet;
				PRODUCT_NAME = Wallet;
				SDKROOT = macosx;
				SWIFT_EMIT_LOC_STRINGS = YES;
				SWIFT_VERSION = 5.0;
			};
			name = Debug;
		};
		0A0E1EF8270687AF00061EA6 /* Release */ = {
			isa = XCBuildConfiguration;
			buildSettings = {
				ALWAYS_EMBED_SWIFT_STANDARD_LIBRARIES = YES;
				ASSETCATALOG_COMPILER_APPICON_NAME = AppIcon;
				ASSETCATALOG_COMPILER_GLOBAL_ACCENT_COLOR_NAME = AccentColor;
				CODE_SIGN_ENTITLEMENTS = "macOS (App)/Wallet.entitlements";
				CODE_SIGN_IDENTITY = "-";
				CODE_SIGN_STYLE = Automatic;
				CURRENT_PROJECT_VERSION = 1;
				DEVELOPMENT_TEAM = TPKP4XK352;
				ENABLE_HARDENED_RUNTIME = YES;
				GENERATE_INFOPLIST_FILE = YES;
				INFOPLIST_KEY_CFBundleDisplayName = Wallet;
				LD_RUNPATH_SEARCH_PATHS = (
					"$(inherited)",
					"@executable_path/../Frameworks",
				);
				MACOSX_DEPLOYMENT_TARGET = 11.3;
				MARKETING_VERSION = 1.0;
				OTHER_LDFLAGS = (
					"-framework",
					SafariServices,
					"-framework",
					WebKit,
				);
				PRODUCT_BUNDLE_IDENTIFIER = com.safari.Wallet;
				PRODUCT_NAME = Wallet;
				SDKROOT = macosx;
				SWIFT_EMIT_LOC_STRINGS = YES;
				SWIFT_VERSION = 5.0;
			};
			name = Release;
		};
		F8ABEFD827141581007F7D11 /* Debug */ = {
			isa = XCBuildConfiguration;
			buildSettings = {
				BUNDLE_LOADER = "$(TEST_HOST)";
				CODE_SIGN_STYLE = Automatic;
				CURRENT_PROJECT_VERSION = 1;
				DEVELOPMENT_TEAM = TPKP4XK352;
				GENERATE_INFOPLIST_FILE = YES;
				IPHONEOS_DEPLOYMENT_TARGET = 15.0;
				LD_RUNPATH_SEARCH_PATHS = (
					"$(inherited)",
					"@executable_path/Frameworks",
					"@loader_path/Frameworks",
				);
				MARKETING_VERSION = 1.0;
				PRODUCT_BUNDLE_IDENTIFIER = com.starlingprotocol.WalletTests;
				PRODUCT_NAME = "$(TARGET_NAME)";
				SDKROOT = iphoneos;
				SWIFT_EMIT_LOC_STRINGS = NO;
				SWIFT_VERSION = 5.0;
				TARGETED_DEVICE_FAMILY = "1,2";
				TEST_HOST = "$(BUILT_PRODUCTS_DIR)/Wallet.app/Wallet";
			};
			name = Debug;
		};
		F8ABEFD927141581007F7D11 /* Release */ = {
			isa = XCBuildConfiguration;
			buildSettings = {
				BUNDLE_LOADER = "$(TEST_HOST)";
				CODE_SIGN_STYLE = Automatic;
				CURRENT_PROJECT_VERSION = 1;
				DEVELOPMENT_TEAM = TPKP4XK352;
				GENERATE_INFOPLIST_FILE = YES;
				IPHONEOS_DEPLOYMENT_TARGET = 15.0;
				LD_RUNPATH_SEARCH_PATHS = (
					"$(inherited)",
					"@executable_path/Frameworks",
					"@loader_path/Frameworks",
				);
				MARKETING_VERSION = 1.0;
				PRODUCT_BUNDLE_IDENTIFIER = com.starlingprotocol.WalletTests;
				PRODUCT_NAME = "$(TARGET_NAME)";
				SDKROOT = iphoneos;
				SWIFT_EMIT_LOC_STRINGS = NO;
				SWIFT_VERSION = 5.0;
				TARGETED_DEVICE_FAMILY = "1,2";
				TEST_HOST = "$(BUILT_PRODUCTS_DIR)/Wallet.app/Wallet";
				VALIDATE_PRODUCT = YES;
			};
			name = Release;
		};
/* End XCBuildConfiguration section */

/* Begin XCConfigurationList section */
		0A0E1E83270687AA00061EA6 /* Build configuration list for PBXProject "Wallet" */ = {
			isa = XCConfigurationList;
			buildConfigurations = (
				0A0E1EE9270687AE00061EA6 /* Debug */,
				0A0E1EEA270687AE00061EA6 /* Release */,
			);
			defaultConfigurationIsVisible = 0;
			defaultConfigurationName = Release;
		};
		0A0E1EEB270687AF00061EA6 /* Build configuration list for PBXNativeTarget "Wallet Extension (iOS)" */ = {
			isa = XCConfigurationList;
			buildConfigurations = (
				0A0E1EEC270687AF00061EA6 /* Debug */,
				0A0E1EED270687AF00061EA6 /* Release */,
			);
			defaultConfigurationIsVisible = 0;
			defaultConfigurationName = Release;
		};
		0A0E1EEF270687AF00061EA6 /* Build configuration list for PBXNativeTarget "Wallet (iOS)" */ = {
			isa = XCConfigurationList;
			buildConfigurations = (
				0A0E1EF0270687AF00061EA6 /* Debug */,
				0A0E1EF1270687AF00061EA6 /* Release */,
			);
			defaultConfigurationIsVisible = 0;
			defaultConfigurationName = Release;
		};
		0A0E1EF2270687AF00061EA6 /* Build configuration list for PBXNativeTarget "Wallet Extension (macOS)" */ = {
			isa = XCConfigurationList;
			buildConfigurations = (
				0A0E1EF3270687AF00061EA6 /* Debug */,
				0A0E1EF4270687AF00061EA6 /* Release */,
			);
			defaultConfigurationIsVisible = 0;
			defaultConfigurationName = Release;
		};
		0A0E1EF6270687AF00061EA6 /* Build configuration list for PBXNativeTarget "Wallet (macOS)" */ = {
			isa = XCConfigurationList;
			buildConfigurations = (
				0A0E1EF7270687AF00061EA6 /* Debug */,
				0A0E1EF8270687AF00061EA6 /* Release */,
			);
			defaultConfigurationIsVisible = 0;
			defaultConfigurationName = Release;
		};
		F8ABEFD727141581007F7D11 /* Build configuration list for PBXNativeTarget "WalletTests" */ = {
			isa = XCConfigurationList;
			buildConfigurations = (
				F8ABEFD827141581007F7D11 /* Debug */,
				F8ABEFD927141581007F7D11 /* Release */,
			);
			defaultConfigurationIsVisible = 0;
			defaultConfigurationName = Release;
		};
/* End XCConfigurationList section */

/* Begin XCRemoteSwiftPackageReference section */
		F8ABEEE527125002007F7D11 /* XCRemoteSwiftPackageReference "HDWallet" */ = {
			isa = XCRemoteSwiftPackageReference;
			repositoryURL = "https://github.com/ronaldmannak/HDWallet";
			requirement = {
				branch = develop;
				kind = branch;
			};
		};
/* End XCRemoteSwiftPackageReference section */

/* Begin XCSwiftPackageProductDependency section */
		F8ABEEE627125002007F7D11 /* HDWalletKit */ = {
			isa = XCSwiftPackageProductDependency;
			package = F8ABEEE527125002007F7D11 /* XCRemoteSwiftPackageReference "HDWallet" */;
			productName = HDWalletKit;
		};
		F8ABEEE927125105007F7D11 /* HDWalletKit */ = {
			isa = XCSwiftPackageProductDependency;
			package = F8ABEEE527125002007F7D11 /* XCRemoteSwiftPackageReference "HDWallet" */;
			productName = HDWalletKit;
		};
		F8ABEEEB2712510B007F7D11 /* HDWalletKit */ = {
			isa = XCSwiftPackageProductDependency;
			package = F8ABEEE527125002007F7D11 /* XCRemoteSwiftPackageReference "HDWallet" */;
			productName = HDWalletKit;
		};
		F8ABEEED2712510F007F7D11 /* HDWalletKit */ = {
			isa = XCSwiftPackageProductDependency;
			package = F8ABEEE527125002007F7D11 /* XCRemoteSwiftPackageReference "HDWallet" */;
			productName = HDWalletKit;
		};
/* End XCSwiftPackageProductDependency section */
	};
	rootObject = 0A0E1E80270687AA00061EA6 /* Project object */;
}
