{
  "object": {
    "pins": [
      {
        "package": "BigInt",
        "repositoryURL": "https://github.com/attaswift/BigInt",
        "state": {
          "branch": null,
          "revision": "0ed110f7555c34ff468e72e1686e59721f2b0da6",
          "version": "5.3.0"
        }
      },
      {
        "package": "CryptoSwift",
        "repositoryURL": "https://github.com/krzyzanowskim/CryptoSwift.git",
        "state": {
          "branch": null,
          "revision": "4b0565384d3c4c588af09e660535b2c7c9bf5b39",
          "version": "1.4.2"
        }
      },
      {
        "package": "GenericJSON",
        "repositoryURL": "https://github.com/zoul/generic-json-swift",
        "state": {
          "branch": null,
          "revision": "a137894b2a217abe489cdf1ea287e6f7819b1051",
          "version": "2.0.1"
        }
      },
      {
        "package": "HDWalletKit",
        "repositoryURL": "https://github.com/ronaldmannak/HDWallet",
        "state": {
          "branch": "develop",
          "revision": "f17fbee16bf0c88ab6d1cc18e12123a5b74b9db2",
          "version": null
        }
      },
      {
        "package": "web3.swift",
        "repositoryURL": "https://github.com/tvongerlach/web3.swift",
        "state": {
          "branch": null,
          "revision": "8205d3f671e0248af7d2e0537664d1a85d1ee11e",
          "version": "0.8.1"
        }
      }
    ]
  },
  "version": 1
}
