{
  "object": {
    "pins": [
      {
        "package": "Alamofire",
        "repositoryURL": "https://github.com/Alamofire/Alamofire.git",
        "state": {
          "branch": null,
          "revision": "d120af1e8638c7da36c8481fd61a66c0c08dc4fc",
          "version": "5.4.4"
        }
      },
      {
        "package": "BigInt",
        "repositoryURL": "https://github.com/attaswift/BigInt.git",
        "state": {
          "branch": null,
          "revision": "0ed110f7555c34ff468e72e1686e59721f2b0da6",
          "version": "5.3.0"
        }
      },
      {
        "package": "bls-eth-swift",
        "repositoryURL": "https://github.com/MyEtherWallet/bls-eth-swift.git",
        "state": {
          "branch": null,
          "revision": "fa35ea01addaa074267ce65a6ed21ad1d79b01fa",
          "version": "1.0.0"
        }
      },
      {
        "package": "CryptoSwift",
        "repositoryURL": "https://github.com/krzyzanowskim/CryptoSwift.git",
        "state": {
          "branch": null,
          "revision": "4b0565384d3c4c588af09e660535b2c7c9bf5b39",
          "version": "1.4.2"
        }
      },
      {
        "package": "MEWwalletKit",
        "repositoryURL": "https://github.com/MoonfishDeFi/mew-wallet-ios-kit",
        "state": {
          "branch": "main",
          "revision": "8a022536c0ed2fbcc78005256e5bd22da62e5ff3",
          "version": null
        }
      },
      {
        "package": "MEW-wallet-iOS-secp256k1-package",
        "repositoryURL": "https://github.com/MyEtherWallet/MEW-wallet-iOS-secp256k1-package.git",
        "state": {
          "branch": null,
          "revision": "6a73b7682e0220fbb439e082b45da44608a21d77",
          "version": "1.0.0"
        }
      },
      {
        "package": "MEWwalletTweetNacl",
        "repositoryURL": "https://github.com/MyEtherWallet/mew-wallet-ios-tweetnacl.git",
        "state": {
          "branch": null,
          "revision": "fc7d17268f38b363cbf79eed5f03e1297e5a0bb7",
          "version": "1.0.0"
        }
      }
    ]
  },
  "version": 1
}
